// !$*UTF8*$!
{
	archiveVersion = 1;
	classes = {
	};
	objectVersion = 50;
	objects = {

/* Begin PBXBuildFile section */
		82EF94CEB7ABBA29451FFA96 /* Pods_Ryochan2Tests.framework in Frameworks */ = {isa = PBXBuildFile; fileRef = 94EBD6B9ACA52BC2DB6135F3 /* Pods_Ryochan2Tests.framework */; };
		DB05539220B1E6270008DAD5 /* UniformNumberPosition.swift in Sources */ = {isa = PBXBuildFile; fileRef = DB05538320B1E6260008DAD5 /* UniformNumberPosition.swift */; };
		DB05539320B1E6270008DAD5 /* PartsColorType.swift in Sources */ = {isa = PBXBuildFile; fileRef = DB05538420B1E6260008DAD5 /* PartsColorType.swift */; };
		DB05539420B1E6270008DAD5 /* MovableType.swift in Sources */ = {isa = PBXBuildFile; fileRef = DB05538520B1E6260008DAD5 /* MovableType.swift */; };
		DB05539520B1E6270008DAD5 /* Uniform.swift in Sources */ = {isa = PBXBuildFile; fileRef = DB05538720B1E6260008DAD5 /* Uniform.swift */; };
		DB05539620B1E6270008DAD5 /* Wallpaper.swift in Sources */ = {isa = PBXBuildFile; fileRef = DB05538820B1E6260008DAD5 /* Wallpaper.swift */; };
		DB05539720B1E6270008DAD5 /* Parts.swift in Sources */ = {isa = PBXBuildFile; fileRef = DB05538920B1E6260008DAD5 /* Parts.swift */; };
		DB05539820B1E6270008DAD5 /* Formation.swift in Sources */ = {isa = PBXBuildFile; fileRef = DB05538A20B1E6260008DAD5 /* Formation.swift */; };
		DB05539920B1E6270008DAD5 /* Category.swift in Sources */ = {isa = PBXBuildFile; fileRef = DB05538B20B1E6260008DAD5 /* Category.swift */; };
		DB05539A20B1E6270008DAD5 /* Portrait.swift in Sources */ = {isa = PBXBuildFile; fileRef = DB05538C20B1E6260008DAD5 /* Portrait.swift */; };
		DB05539B20B1E6270008DAD5 /* Position.swift in Sources */ = {isa = PBXBuildFile; fileRef = DB05538D20B1E6260008DAD5 /* Position.swift */; };
		DB05539C20B1E6270008DAD5 /* Migration.swift in Sources */ = {isa = PBXBuildFile; fileRef = DB05538F20B1E6260008DAD5 /* Migration.swift */; };
		DB05539D20B1E6270008DAD5 /* Sns.swift in Sources */ = {isa = PBXBuildFile; fileRef = DB05539020B1E6260008DAD5 /* Sns.swift */; };
		DB05539E20B1E6270008DAD5 /* File.swift in Sources */ = {isa = PBXBuildFile; fileRef = DB05539120B1E6270008DAD5 /* File.swift */; };
		DB0553A620B1E6850008DAD5 /* UniformManager.swift in Sources */ = {isa = PBXBuildFile; fileRef = DB05539F20B1E6840008DAD5 /* UniformManager.swift */; };
		DB0553A720B1E6850008DAD5 /* WallpaperManager.swift in Sources */ = {isa = PBXBuildFile; fileRef = DB0553A020B1E6840008DAD5 /* WallpaperManager.swift */; };
		DB0553A920B1E6850008DAD5 /* PortraitManager.swift in Sources */ = {isa = PBXBuildFile; fileRef = DB0553A220B1E6850008DAD5 /* PortraitManager.swift */; };
		DB0553AA20B1E6850008DAD5 /* FormationManager.swift in Sources */ = {isa = PBXBuildFile; fileRef = DB0553A320B1E6850008DAD5 /* FormationManager.swift */; };
		DB73173D20AB192900D49AF3 /* Dialog.swift in Sources */ = {isa = PBXBuildFile; fileRef = DB73173720AB192900D49AF3 /* Dialog.swift */; };
		DB73173E20AB192900D49AF3 /* AppDelegate.swift in Sources */ = {isa = PBXBuildFile; fileRef = DB73173C20AB192900D49AF3 /* AppDelegate.swift */; };
		DB73174720AB1D7000D49AF3 /* Definition+Uniform.swift in Sources */ = {isa = PBXBuildFile; fileRef = DB73173F20AB1D7000D49AF3 /* Definition+Uniform.swift */; };
		DB73174820AB1D7000D49AF3 /* Definition+Portrait.swift in Sources */ = {isa = PBXBuildFile; fileRef = DB73174020AB1D7000D49AF3 /* Definition+Portrait.swift */; };
		DB73174920AB1D7000D49AF3 /* Definition+Formation.swift in Sources */ = {isa = PBXBuildFile; fileRef = DB73174120AB1D7000D49AF3 /* Definition+Formation.swift */; };
		DB73174A20AB1D7000D49AF3 /* Color.swift in Sources */ = {isa = PBXBuildFile; fileRef = DB73174220AB1D7000D49AF3 /* Color.swift */; };
		DB73174B20AB1D7000D49AF3 /* Definition+Parts.swift in Sources */ = {isa = PBXBuildFile; fileRef = DB73174320AB1D7000D49AF3 /* Definition+Parts.swift */; };
		DB73174C20AB1D7000D49AF3 /* Dimension.swift in Sources */ = {isa = PBXBuildFile; fileRef = DB73174420AB1D7000D49AF3 /* Dimension.swift */; };
		DB73174D20AB1D7000D49AF3 /* Definition.swift in Sources */ = {isa = PBXBuildFile; fileRef = DB73174520AB1D7000D49AF3 /* Definition.swift */; };
		DB73174E20AB1D7000D49AF3 /* Definition+Wallpaper.swift in Sources */ = {isa = PBXBuildFile; fileRef = DB73174620AB1D7000D49AF3 /* Definition+Wallpaper.swift */; };
		DB73175220AB1D9B00D49AF3 /* DialogRightDrawBehavior.swift in Sources */ = {isa = PBXBuildFile; fileRef = DB73175020AB1D9B00D49AF3 /* DialogRightDrawBehavior.swift */; };
		DB73175320AB1D9B00D49AF3 /* DialogRiseupBehavior.swift in Sources */ = {isa = PBXBuildFile; fileRef = DB73175120AB1D9B00D49AF3 /* DialogRiseupBehavior.swift */; };
		DB73175C20AB1DAB00D49AF3 /* UIViewController+App.swift in Sources */ = {isa = PBXBuildFile; fileRef = DB73175420AB1DAB00D49AF3 /* UIViewController+App.swift */; };
		DB73175D20AB1DAB00D49AF3 /* UIColor+App.swift in Sources */ = {isa = PBXBuildFile; fileRef = DB73175520AB1DAB00D49AF3 /* UIColor+App.swift */; };
		DB73175E20AB1DAB00D49AF3 /* UITextField+App.swift in Sources */ = {isa = PBXBuildFile; fileRef = DB73175620AB1DAB00D49AF3 /* UITextField+App.swift */; };
		DB73175F20AB1DAB00D49AF3 /* DialogBehavior+App.swift in Sources */ = {isa = PBXBuildFile; fileRef = DB73175720AB1DAB00D49AF3 /* DialogBehavior+App.swift */; };
		DB73176020AB1DAB00D49AF3 /* CoreGraphics+App.swift in Sources */ = {isa = PBXBuildFile; fileRef = DB73175820AB1DAB00D49AF3 /* CoreGraphics+App.swift */; };
		DB73176120AB1DAB00D49AF3 /* String+App.swift in Sources */ = {isa = PBXBuildFile; fileRef = DB73175920AB1DAB00D49AF3 /* String+App.swift */; };
		DB73176220AB1DAB00D49AF3 /* Codable+App.swift in Sources */ = {isa = PBXBuildFile; fileRef = DB73175A20AB1DAB00D49AF3 /* Codable+App.swift */; };
		DB73176320AB1DAB00D49AF3 /* UIView+LayoutConstraint.swift in Sources */ = {isa = PBXBuildFile; fileRef = DB73175B20AB1DAB00D49AF3 /* UIView+LayoutConstraint.swift */; };
		DB73176720AB253400D49AF3 /* PartsSelectAdapter.swift in Sources */ = {isa = PBXBuildFile; fileRef = DB73176520AB253300D49AF3 /* PartsSelectAdapter.swift */; };
		DB73176820AB253400D49AF3 /* CategorySelectAdapter.swift in Sources */ = {isa = PBXBuildFile; fileRef = DB73176620AB253300D49AF3 /* CategorySelectAdapter.swift */; };
		DB73176E20AB255000D49AF3 /* FormationImageGenerator.swift in Sources */ = {isa = PBXBuildFile; fileRef = DB73176920AB255000D49AF3 /* FormationImageGenerator.swift */; };
		DB73176F20AB255000D49AF3 /* PlayerImageGenerator.swift in Sources */ = {isa = PBXBuildFile; fileRef = DB73176A20AB255000D49AF3 /* PlayerImageGenerator.swift */; };
		DB73177020AB255000D49AF3 /* WallpaperImageGenerator.swift in Sources */ = {isa = PBXBuildFile; fileRef = DB73176B20AB255000D49AF3 /* WallpaperImageGenerator.swift */; };
		DB73177120AB255000D49AF3 /* PortraitImageGenerator.swift in Sources */ = {isa = PBXBuildFile; fileRef = DB73176C20AB255000D49AF3 /* PortraitImageGenerator.swift */; };
		DB73177220AB255000D49AF3 /* UniformImageGenerator.swift in Sources */ = {isa = PBXBuildFile; fileRef = DB73176D20AB255000D49AF3 /* UniformImageGenerator.swift */; };
		DB73177520AB255C00D49AF3 /* CompoundedImageGeneratorProtocol.swift in Sources */ = {isa = PBXBuildFile; fileRef = DB73177320AB255C00D49AF3 /* CompoundedImageGeneratorProtocol.swift */; };
		DB73177620AB255C00D49AF3 /* Notificatable.swift in Sources */ = {isa = PBXBuildFile; fileRef = DB73177420AB255C00D49AF3 /* Notificatable.swift */; };
		DB73179620AB257200D49AF3 /* PreviewView.swift in Sources */ = {isa = PBXBuildFile; fileRef = DB73179120AB257200D49AF3 /* PreviewView.swift */; };
		DB73179720AB257200D49AF3 /* HighlightButton.swift in Sources */ = {isa = PBXBuildFile; fileRef = DB73179220AB257200D49AF3 /* HighlightButton.swift */; };
		DB73179820AB257200D49AF3 /* NumberSelectorView.swift in Sources */ = {isa = PBXBuildFile; fileRef = DB73179320AB257200D49AF3 /* NumberSelectorView.swift */; };
		DB73179920AB257200D49AF3 /* RoundedBorderedView.swift in Sources */ = {isa = PBXBuildFile; fileRef = DB73179420AB257200D49AF3 /* RoundedBorderedView.swift */; };
		DB73179A20AB257200D49AF3 /* ColorButton.swift in Sources */ = {isa = PBXBuildFile; fileRef = DB73179520AB257200D49AF3 /* ColorButton.swift */; };
		DB73179C20AB297100D49AF3 /* UIImage+ImageGenerator.swift in Sources */ = {isa = PBXBuildFile; fileRef = DB73179B20AB297100D49AF3 /* UIImage+ImageGenerator.swift */; };
		DB7317A120AB2CE600D49AF3 /* LaunchPresenter.swift in Sources */ = {isa = PBXBuildFile; fileRef = DB73179E20AB2CE600D49AF3 /* LaunchPresenter.swift */; };
		DB7317A220AB2CE600D49AF3 /* LaunchViewController.swift in Sources */ = {isa = PBXBuildFile; fileRef = DB73179F20AB2CE600D49AF3 /* LaunchViewController.swift */; };
		DB7317A320AB2CE600D49AF3 /* BootstrapViewController.swift in Sources */ = {isa = PBXBuildFile; fileRef = DB7317A020AB2CE600D49AF3 /* BootstrapViewController.swift */; };
		DB7317A520AB2D0800D49AF3 /* Launch.storyboard in Resources */ = {isa = PBXBuildFile; fileRef = DB7317A420AB2D0800D49AF3 /* Launch.storyboard */; };
		DB7317AA20AB2FE200D49AF3 /* TopPresenter.swift in Sources */ = {isa = PBXBuildFile; fileRef = DB7317A720AB2FE200D49AF3 /* TopPresenter.swift */; };
		DB7317AB20AB2FE200D49AF3 /* Top.storyboard in Resources */ = {isa = PBXBuildFile; fileRef = DB7317A820AB2FE200D49AF3 /* Top.storyboard */; };
		DB7317AC20AB2FE200D49AF3 /* TopViewController.swift in Sources */ = {isa = PBXBuildFile; fileRef = DB7317A920AB2FE200D49AF3 /* TopViewController.swift */; };
		DB7317AE20AB31DC00D49AF3 /* TopAdapter.swift in Sources */ = {isa = PBXBuildFile; fileRef = DB7317AD20AB31DC00D49AF3 /* TopAdapter.swift */; };
		DB7317C020AB391700D49AF3 /* ValueSelectViewController.swift in Sources */ = {isa = PBXBuildFile; fileRef = DB7317B120AB391700D49AF3 /* ValueSelectViewController.swift */; };
		DB7317C120AB391700D49AF3 /* ValueSelect.storyboard in Resources */ = {isa = PBXBuildFile; fileRef = DB7317B220AB391700D49AF3 /* ValueSelect.storyboard */; };
		DB7317C220AB391700D49AF3 /* ColorSelectViewController.swift in Sources */ = {isa = PBXBuildFile; fileRef = DB7317B420AB391700D49AF3 /* ColorSelectViewController.swift */; };
		DB7317C320AB391700D49AF3 /* ColorSelect.storyboard in Resources */ = {isa = PBXBuildFile; fileRef = DB7317B520AB391700D49AF3 /* ColorSelect.storyboard */; };
		DB7317C420AB391700D49AF3 /* TextInput.storyboard in Resources */ = {isa = PBXBuildFile; fileRef = DB7317B720AB391700D49AF3 /* TextInput.storyboard */; };
		DB7317C520AB391700D49AF3 /* TextInputViewController.swift in Sources */ = {isa = PBXBuildFile; fileRef = DB7317B820AB391700D49AF3 /* TextInputViewController.swift */; };
		DB7317C620AB391700D49AF3 /* Menu.storyboard in Resources */ = {isa = PBXBuildFile; fileRef = DB7317BA20AB391700D49AF3 /* Menu.storyboard */; };
		DB7317C720AB391700D49AF3 /* MenuViewController.swift in Sources */ = {isa = PBXBuildFile; fileRef = DB7317BB20AB391700D49AF3 /* MenuViewController.swift */; };
		DB7317C820AB391700D49AF3 /* AlertDialog.storyboard in Resources */ = {isa = PBXBuildFile; fileRef = DB7317BD20AB391700D49AF3 /* AlertDialog.storyboard */; };
		DB7317C920AB391700D49AF3 /* AlertDialog+App.swift in Sources */ = {isa = PBXBuildFile; fileRef = DB7317BE20AB391700D49AF3 /* AlertDialog+App.swift */; };
		DB7317CA20AB391700D49AF3 /* AlertDialog.swift in Sources */ = {isa = PBXBuildFile; fileRef = DB7317BF20AB391700D49AF3 /* AlertDialog.swift */; };
		DB7317D020AB39A300D49AF3 /* WallpaperAdapter.swift in Sources */ = {isa = PBXBuildFile; fileRef = DB7317CC20AB39A300D49AF3 /* WallpaperAdapter.swift */; };
		DB7317D120AB39A300D49AF3 /* Wallpaper.storyboard in Resources */ = {isa = PBXBuildFile; fileRef = DB7317CD20AB39A300D49AF3 /* Wallpaper.storyboard */; };
		DB7317D220AB39A300D49AF3 /* WallpaperViewController.swift in Sources */ = {isa = PBXBuildFile; fileRef = DB7317CE20AB39A300D49AF3 /* WallpaperViewController.swift */; };
		DB7317D320AB39A300D49AF3 /* WallpaperPresenter.swift in Sources */ = {isa = PBXBuildFile; fileRef = DB7317CF20AB39A300D49AF3 /* WallpaperPresenter.swift */; };
		DB98A3F020AB15F100A5273D /* Main.storyboard in Resources */ = {isa = PBXBuildFile; fileRef = DB98A3EE20AB15F100A5273D /* Main.storyboard */; };
		DB98A3F220AB15F100A5273D /* Assets.xcassets in Resources */ = {isa = PBXBuildFile; fileRef = DB98A3F120AB15F100A5273D /* Assets.xcassets */; };
		DB98A3F520AB15F100A5273D /* LaunchScreen.storyboard in Resources */ = {isa = PBXBuildFile; fileRef = DB98A3F320AB15F100A5273D /* LaunchScreen.storyboard */; };
		DB98A40020AB15F200A5273D /* StringExtensionTest.swift in Sources */ = {isa = PBXBuildFile; fileRef = DB98A3FF20AB15F200A5273D /* StringExtensionTest.swift */; };
		DBA039832D1163DC057C0842 /* Pods_Ryochan2.framework in Frameworks */ = {isa = PBXBuildFile; fileRef = 4BDA1F74F5AA0ED912797074 /* Pods_Ryochan2.framework */; };
		E426B6DD20B8039400F54FF9 /* JsonCoder.swift in Sources */ = {isa = PBXBuildFile; fileRef = E426B6DC20B8039400F54FF9 /* JsonCoder.swift */; };
		E426B6DF20B8195800F54FF9 /* CategorizedResources.swift in Sources */ = {isa = PBXBuildFile; fileRef = E426B6DE20B8195700F54FF9 /* CategorizedResources.swift */; };
		E4428ABF20B51A8400704862 /* Definition+Migration.swift in Sources */ = {isa = PBXBuildFile; fileRef = E4428ABE20B51A8400704862 /* Definition+Migration.swift */; };
		E4428AC120B549D600704862 /* Resources.zip in Resources */ = {isa = PBXBuildFile; fileRef = E4428AC020B549D600704862 /* Resources.zip */; };
		E4428AC720B647D300704862 /* UIImage+App.swift in Sources */ = {isa = PBXBuildFile; fileRef = E4428AC620B647D300704862 /* UIImage+App.swift */; };
		E4428AC920B6B80000704862 /* FormationTemplate.swift in Sources */ = {isa = PBXBuildFile; fileRef = E4428AC820B6B80000704862 /* FormationTemplate.swift */; };
		E4B73BE220AEEB1100A301FB /* PortraitEdit.storyboard in Resources */ = {isa = PBXBuildFile; fileRef = E4B73BDE20AEEB1100A301FB /* PortraitEdit.storyboard */; };
		E4B73BE320AEEB1100A301FB /* PortraitEditAdapter.swift in Sources */ = {isa = PBXBuildFile; fileRef = E4B73BDF20AEEB1100A301FB /* PortraitEditAdapter.swift */; };
		E4B73BE420AEEB1100A301FB /* PortraitEditPresenter.swift in Sources */ = {isa = PBXBuildFile; fileRef = E4B73BE020AEEB1100A301FB /* PortraitEditPresenter.swift */; };
		E4B73BE520AEEB1100A301FB /* PortraitEditViewController.swift in Sources */ = {isa = PBXBuildFile; fileRef = E4B73BE120AEEB1100A301FB /* PortraitEditViewController.swift */; };
		E4B73BEB20AEEB2200A301FB /* PortraitSelectPresenter.swift in Sources */ = {isa = PBXBuildFile; fileRef = E4B73BE720AEEB2200A301FB /* PortraitSelectPresenter.swift */; };
		E4B73BEC20AEEB2200A301FB /* PortraitSelectViewController.swift in Sources */ = {isa = PBXBuildFile; fileRef = E4B73BE820AEEB2200A301FB /* PortraitSelectViewController.swift */; };
		E4B73BED20AEEB2200A301FB /* PortraitSelect.storyboard in Resources */ = {isa = PBXBuildFile; fileRef = E4B73BE920AEEB2200A301FB /* PortraitSelect.storyboard */; };
		E4B73BEE20AEEB2200A301FB /* PortraitSelectAdapter.swift in Sources */ = {isa = PBXBuildFile; fileRef = E4B73BEA20AEEB2200A301FB /* PortraitSelectAdapter.swift */; };
		E4B73BF420AEEB2B00A301FB /* Formation.storyboard in Resources */ = {isa = PBXBuildFile; fileRef = E4B73BF020AEEB2B00A301FB /* Formation.storyboard */; };
		E4B73BF520AEEB2B00A301FB /* FormationPresenter.swift in Sources */ = {isa = PBXBuildFile; fileRef = E4B73BF120AEEB2B00A301FB /* FormationPresenter.swift */; };
		E4B73BF620AEEB2B00A301FB /* FormationAdapter.swift in Sources */ = {isa = PBXBuildFile; fileRef = E4B73BF220AEEB2B00A301FB /* FormationAdapter.swift */; };
		E4B73BF720AEEB2B00A301FB /* FormationViewController.swift in Sources */ = {isa = PBXBuildFile; fileRef = E4B73BF320AEEB2B00A301FB /* FormationViewController.swift */; };
		E4B73BFD20AEEB3200A301FB /* FormationSubstitutePresenter.swift in Sources */ = {isa = PBXBuildFile; fileRef = E4B73BF920AEEB3200A301FB /* FormationSubstitutePresenter.swift */; };
		E4B73BFE20AEEB3200A301FB /* FormationSubstituteViewController.swift in Sources */ = {isa = PBXBuildFile; fileRef = E4B73BFA20AEEB3200A301FB /* FormationSubstituteViewController.swift */; };
		E4B73BFF20AEEB3200A301FB /* FormationSubstitute.storyboard in Resources */ = {isa = PBXBuildFile; fileRef = E4B73BFB20AEEB3200A301FB /* FormationSubstitute.storyboard */; };
		E4B73C0020AEEB3200A301FB /* FormationSubstituteAdapter.swift in Sources */ = {isa = PBXBuildFile; fileRef = E4B73BFC20AEEB3200A301FB /* FormationSubstituteAdapter.swift */; };
		E4B73C0620AEEB3D00A301FB /* UniformListPresenter.swift in Sources */ = {isa = PBXBuildFile; fileRef = E4B73C0220AEEB3D00A301FB /* UniformListPresenter.swift */; };
		E4B73C0720AEEB3D00A301FB /* UniformList.storyboard in Resources */ = {isa = PBXBuildFile; fileRef = E4B73C0320AEEB3D00A301FB /* UniformList.storyboard */; };
		E4B73C0820AEEB3D00A301FB /* UniformListAdapter.swift in Sources */ = {isa = PBXBuildFile; fileRef = E4B73C0420AEEB3D00A301FB /* UniformListAdapter.swift */; };
		E4B73C0920AEEB3D00A301FB /* UniformListViewController.swift in Sources */ = {isa = PBXBuildFile; fileRef = E4B73C0520AEEB3D00A301FB /* UniformListViewController.swift */; };
		E4B73C0F20AEEB4200A301FB /* UniformEditAdapter.swift in Sources */ = {isa = PBXBuildFile; fileRef = E4B73C0B20AEEB4200A301FB /* UniformEditAdapter.swift */; };
		E4B73C1020AEEB4200A301FB /* UniformEdit.storyboard in Resources */ = {isa = PBXBuildFile; fileRef = E4B73C0C20AEEB4200A301FB /* UniformEdit.storyboard */; };
		E4B73C1120AEEB4200A301FB /* UniformEditPresenter.swift in Sources */ = {isa = PBXBuildFile; fileRef = E4B73C0D20AEEB4200A301FB /* UniformEditPresenter.swift */; };
		E4B73C1220AEEB4200A301FB /* UniformEditViewController.swift in Sources */ = {isa = PBXBuildFile; fileRef = E4B73C0E20AEEB4200A301FB /* UniformEditViewController.swift */; };
		E4B73C1820AEEB4800A301FB /* UniformSelectPresenter.swift in Sources */ = {isa = PBXBuildFile; fileRef = E4B73C1420AEEB4800A301FB /* UniformSelectPresenter.swift */; };
		E4B73C1920AEEB4800A301FB /* UniformSelectViewController.swift in Sources */ = {isa = PBXBuildFile; fileRef = E4B73C1520AEEB4800A301FB /* UniformSelectViewController.swift */; };
		E4B73C1A20AEEB4800A301FB /* UniformSelect.storyboard in Resources */ = {isa = PBXBuildFile; fileRef = E4B73C1620AEEB4800A301FB /* UniformSelect.storyboard */; };
		E4B73C1B20AEEB4800A301FB /* UniformSelectAdapter.swift in Sources */ = {isa = PBXBuildFile; fileRef = E4B73C1720AEEB4800A301FB /* UniformSelectAdapter.swift */; };
		E4B73C1D20AEF95600A301FB /* UIView+App.swift in Sources */ = {isa = PBXBuildFile; fileRef = E4B73C1C20AEF95500A301FB /* UIView+App.swift */; };
		E4B73C1F20AEFCCA00A301FB /* UIButton+App.swift in Sources */ = {isa = PBXBuildFile; fileRef = E4B73C1E20AEFCC900A301FB /* UIButton+App.swift */; };
		E4B73C2120B25EE100A301FB /* ColorExtensionTest.swift in Sources */ = {isa = PBXBuildFile; fileRef = E4B73C2020B25EE100A301FB /* ColorExtensionTest.swift */; };
/* End PBXBuildFile section */

/* Begin PBXContainerItemProxy section */
		DB98A3FC20AB15F200A5273D /* PBXContainerItemProxy */ = {
			isa = PBXContainerItemProxy;
			containerPortal = DB98A3DF20AB15F100A5273D /* Project object */;
			proxyType = 1;
			remoteGlobalIDString = DB98A3E620AB15F100A5273D;
			remoteInfo = Ryochan2;
		};
/* End PBXContainerItemProxy section */

/* Begin PBXFileReference section */
		2606EEA6EE39094B2AEC53DE /* Pods-Ryochan2.debug.xcconfig */ = {isa = PBXFileReference; includeInIndex = 1; lastKnownFileType = text.xcconfig; name = "Pods-Ryochan2.debug.xcconfig"; path = "Pods/Target Support Files/Pods-Ryochan2/Pods-Ryochan2.debug.xcconfig"; sourceTree = "<group>"; };
		3DBDA0DC140D76DDE687319D /* Pods-Ryochan2Tests.debug.xcconfig */ = {isa = PBXFileReference; includeInIndex = 1; lastKnownFileType = text.xcconfig; name = "Pods-Ryochan2Tests.debug.xcconfig"; path = "Pods/Target Support Files/Pods-Ryochan2Tests/Pods-Ryochan2Tests.debug.xcconfig"; sourceTree = "<group>"; };
		4BDA1F74F5AA0ED912797074 /* Pods_Ryochan2.framework */ = {isa = PBXFileReference; explicitFileType = wrapper.framework; includeInIndex = 0; path = Pods_Ryochan2.framework; sourceTree = BUILT_PRODUCTS_DIR; };
		94EBD6B9ACA52BC2DB6135F3 /* Pods_Ryochan2Tests.framework */ = {isa = PBXFileReference; explicitFileType = wrapper.framework; includeInIndex = 0; path = Pods_Ryochan2Tests.framework; sourceTree = BUILT_PRODUCTS_DIR; };
		D91675FE35FA4DFA2258BDA8 /* Pods-Ryochan2.release.xcconfig */ = {isa = PBXFileReference; includeInIndex = 1; lastKnownFileType = text.xcconfig; name = "Pods-Ryochan2.release.xcconfig"; path = "Pods/Target Support Files/Pods-Ryochan2/Pods-Ryochan2.release.xcconfig"; sourceTree = "<group>"; };
		DB05538320B1E6260008DAD5 /* UniformNumberPosition.swift */ = {isa = PBXFileReference; fileEncoding = 4; lastKnownFileType = sourcecode.swift; path = UniformNumberPosition.swift; sourceTree = "<group>"; };
		DB05538420B1E6260008DAD5 /* PartsColorType.swift */ = {isa = PBXFileReference; fileEncoding = 4; lastKnownFileType = sourcecode.swift; path = PartsColorType.swift; sourceTree = "<group>"; };
		DB05538520B1E6260008DAD5 /* MovableType.swift */ = {isa = PBXFileReference; fileEncoding = 4; lastKnownFileType = sourcecode.swift; path = MovableType.swift; sourceTree = "<group>"; };
		DB05538720B1E6260008DAD5 /* Uniform.swift */ = {isa = PBXFileReference; fileEncoding = 4; lastKnownFileType = sourcecode.swift; path = Uniform.swift; sourceTree = "<group>"; };
		DB05538820B1E6260008DAD5 /* Wallpaper.swift */ = {isa = PBXFileReference; fileEncoding = 4; lastKnownFileType = sourcecode.swift; path = Wallpaper.swift; sourceTree = "<group>"; };
		DB05538920B1E6260008DAD5 /* Parts.swift */ = {isa = PBXFileReference; fileEncoding = 4; lastKnownFileType = sourcecode.swift; path = Parts.swift; sourceTree = "<group>"; };
		DB05538A20B1E6260008DAD5 /* Formation.swift */ = {isa = PBXFileReference; fileEncoding = 4; lastKnownFileType = sourcecode.swift; path = Formation.swift; sourceTree = "<group>"; };
		DB05538B20B1E6260008DAD5 /* Category.swift */ = {isa = PBXFileReference; fileEncoding = 4; lastKnownFileType = sourcecode.swift; path = Category.swift; sourceTree = "<group>"; };
		DB05538C20B1E6260008DAD5 /* Portrait.swift */ = {isa = PBXFileReference; fileEncoding = 4; lastKnownFileType = sourcecode.swift; path = Portrait.swift; sourceTree = "<group>"; };
		DB05538D20B1E6260008DAD5 /* Position.swift */ = {isa = PBXFileReference; fileEncoding = 4; lastKnownFileType = sourcecode.swift; path = Position.swift; sourceTree = "<group>"; };
		DB05538F20B1E6260008DAD5 /* Migration.swift */ = {isa = PBXFileReference; fileEncoding = 4; lastKnownFileType = sourcecode.swift; path = Migration.swift; sourceTree = "<group>"; };
		DB05539020B1E6260008DAD5 /* Sns.swift */ = {isa = PBXFileReference; fileEncoding = 4; lastKnownFileType = sourcecode.swift; path = Sns.swift; sourceTree = "<group>"; };
		DB05539120B1E6270008DAD5 /* File.swift */ = {isa = PBXFileReference; fileEncoding = 4; lastKnownFileType = sourcecode.swift; path = File.swift; sourceTree = "<group>"; };
		DB05539F20B1E6840008DAD5 /* UniformManager.swift */ = {isa = PBXFileReference; fileEncoding = 4; lastKnownFileType = sourcecode.swift; path = UniformManager.swift; sourceTree = "<group>"; };
		DB0553A020B1E6840008DAD5 /* WallpaperManager.swift */ = {isa = PBXFileReference; fileEncoding = 4; lastKnownFileType = sourcecode.swift; path = WallpaperManager.swift; sourceTree = "<group>"; };
		DB0553A220B1E6850008DAD5 /* PortraitManager.swift */ = {isa = PBXFileReference; fileEncoding = 4; lastKnownFileType = sourcecode.swift; path = PortraitManager.swift; sourceTree = "<group>"; };
		DB0553A320B1E6850008DAD5 /* FormationManager.swift */ = {isa = PBXFileReference; fileEncoding = 4; lastKnownFileType = sourcecode.swift; path = FormationManager.swift; sourceTree = "<group>"; };
		DB73173720AB192900D49AF3 /* Dialog.swift */ = {isa = PBXFileReference; fileEncoding = 4; lastKnownFileType = sourcecode.swift; path = Dialog.swift; sourceTree = "<group>"; };
		DB73173C20AB192900D49AF3 /* AppDelegate.swift */ = {isa = PBXFileReference; fileEncoding = 4; lastKnownFileType = sourcecode.swift; path = AppDelegate.swift; sourceTree = "<group>"; };
		DB73173F20AB1D7000D49AF3 /* Definition+Uniform.swift */ = {isa = PBXFileReference; fileEncoding = 4; lastKnownFileType = sourcecode.swift; path = "Definition+Uniform.swift"; sourceTree = "<group>"; };
		DB73174020AB1D7000D49AF3 /* Definition+Portrait.swift */ = {isa = PBXFileReference; fileEncoding = 4; lastKnownFileType = sourcecode.swift; path = "Definition+Portrait.swift"; sourceTree = "<group>"; };
		DB73174120AB1D7000D49AF3 /* Definition+Formation.swift */ = {isa = PBXFileReference; fileEncoding = 4; lastKnownFileType = sourcecode.swift; path = "Definition+Formation.swift"; sourceTree = "<group>"; };
		DB73174220AB1D7000D49AF3 /* Color.swift */ = {isa = PBXFileReference; fileEncoding = 4; lastKnownFileType = sourcecode.swift; path = Color.swift; sourceTree = "<group>"; };
		DB73174320AB1D7000D49AF3 /* Definition+Parts.swift */ = {isa = PBXFileReference; fileEncoding = 4; lastKnownFileType = sourcecode.swift; path = "Definition+Parts.swift"; sourceTree = "<group>"; };
		DB73174420AB1D7000D49AF3 /* Dimension.swift */ = {isa = PBXFileReference; fileEncoding = 4; lastKnownFileType = sourcecode.swift; path = Dimension.swift; sourceTree = "<group>"; };
		DB73174520AB1D7000D49AF3 /* Definition.swift */ = {isa = PBXFileReference; fileEncoding = 4; lastKnownFileType = sourcecode.swift; path = Definition.swift; sourceTree = "<group>"; };
		DB73174620AB1D7000D49AF3 /* Definition+Wallpaper.swift */ = {isa = PBXFileReference; fileEncoding = 4; lastKnownFileType = sourcecode.swift; path = "Definition+Wallpaper.swift"; sourceTree = "<group>"; };
		DB73175020AB1D9B00D49AF3 /* DialogRightDrawBehavior.swift */ = {isa = PBXFileReference; fileEncoding = 4; lastKnownFileType = sourcecode.swift; path = DialogRightDrawBehavior.swift; sourceTree = "<group>"; };
		DB73175120AB1D9B00D49AF3 /* DialogRiseupBehavior.swift */ = {isa = PBXFileReference; fileEncoding = 4; lastKnownFileType = sourcecode.swift; path = DialogRiseupBehavior.swift; sourceTree = "<group>"; };
		DB73175420AB1DAB00D49AF3 /* UIViewController+App.swift */ = {isa = PBXFileReference; fileEncoding = 4; lastKnownFileType = sourcecode.swift; path = "UIViewController+App.swift"; sourceTree = "<group>"; };
		DB73175520AB1DAB00D49AF3 /* UIColor+App.swift */ = {isa = PBXFileReference; fileEncoding = 4; lastKnownFileType = sourcecode.swift; path = "UIColor+App.swift"; sourceTree = "<group>"; };
		DB73175620AB1DAB00D49AF3 /* UITextField+App.swift */ = {isa = PBXFileReference; fileEncoding = 4; lastKnownFileType = sourcecode.swift; path = "UITextField+App.swift"; sourceTree = "<group>"; };
		DB73175720AB1DAB00D49AF3 /* DialogBehavior+App.swift */ = {isa = PBXFileReference; fileEncoding = 4; lastKnownFileType = sourcecode.swift; path = "DialogBehavior+App.swift"; sourceTree = "<group>"; };
		DB73175820AB1DAB00D49AF3 /* CoreGraphics+App.swift */ = {isa = PBXFileReference; fileEncoding = 4; lastKnownFileType = sourcecode.swift; path = "CoreGraphics+App.swift"; sourceTree = "<group>"; };
		DB73175920AB1DAB00D49AF3 /* String+App.swift */ = {isa = PBXFileReference; fileEncoding = 4; lastKnownFileType = sourcecode.swift; path = "String+App.swift"; sourceTree = "<group>"; };
		DB73175A20AB1DAB00D49AF3 /* Codable+App.swift */ = {isa = PBXFileReference; fileEncoding = 4; lastKnownFileType = sourcecode.swift; path = "Codable+App.swift"; sourceTree = "<group>"; };
		DB73175B20AB1DAB00D49AF3 /* UIView+LayoutConstraint.swift */ = {isa = PBXFileReference; fileEncoding = 4; lastKnownFileType = sourcecode.swift; path = "UIView+LayoutConstraint.swift"; sourceTree = "<group>"; };
		DB73176520AB253300D49AF3 /* PartsSelectAdapter.swift */ = {isa = PBXFileReference; fileEncoding = 4; lastKnownFileType = sourcecode.swift; path = PartsSelectAdapter.swift; sourceTree = "<group>"; };
		DB73176620AB253300D49AF3 /* CategorySelectAdapter.swift */ = {isa = PBXFileReference; fileEncoding = 4; lastKnownFileType = sourcecode.swift; path = CategorySelectAdapter.swift; sourceTree = "<group>"; };
		DB73176920AB255000D49AF3 /* FormationImageGenerator.swift */ = {isa = PBXFileReference; fileEncoding = 4; lastKnownFileType = sourcecode.swift; path = FormationImageGenerator.swift; sourceTree = "<group>"; };
		DB73176A20AB255000D49AF3 /* PlayerImageGenerator.swift */ = {isa = PBXFileReference; fileEncoding = 4; lastKnownFileType = sourcecode.swift; path = PlayerImageGenerator.swift; sourceTree = "<group>"; };
		DB73176B20AB255000D49AF3 /* WallpaperImageGenerator.swift */ = {isa = PBXFileReference; fileEncoding = 4; lastKnownFileType = sourcecode.swift; path = WallpaperImageGenerator.swift; sourceTree = "<group>"; };
		DB73176C20AB255000D49AF3 /* PortraitImageGenerator.swift */ = {isa = PBXFileReference; fileEncoding = 4; lastKnownFileType = sourcecode.swift; path = PortraitImageGenerator.swift; sourceTree = "<group>"; };
		DB73176D20AB255000D49AF3 /* UniformImageGenerator.swift */ = {isa = PBXFileReference; fileEncoding = 4; lastKnownFileType = sourcecode.swift; path = UniformImageGenerator.swift; sourceTree = "<group>"; };
		DB73177320AB255C00D49AF3 /* CompoundedImageGeneratorProtocol.swift */ = {isa = PBXFileReference; fileEncoding = 4; lastKnownFileType = sourcecode.swift; path = CompoundedImageGeneratorProtocol.swift; sourceTree = "<group>"; };
		DB73177420AB255C00D49AF3 /* Notificatable.swift */ = {isa = PBXFileReference; fileEncoding = 4; lastKnownFileType = sourcecode.swift; path = Notificatable.swift; sourceTree = "<group>"; };
		DB73179120AB257200D49AF3 /* PreviewView.swift */ = {isa = PBXFileReference; fileEncoding = 4; lastKnownFileType = sourcecode.swift; path = PreviewView.swift; sourceTree = "<group>"; };
		DB73179220AB257200D49AF3 /* HighlightButton.swift */ = {isa = PBXFileReference; fileEncoding = 4; lastKnownFileType = sourcecode.swift; path = HighlightButton.swift; sourceTree = "<group>"; };
		DB73179320AB257200D49AF3 /* NumberSelectorView.swift */ = {isa = PBXFileReference; fileEncoding = 4; lastKnownFileType = sourcecode.swift; path = NumberSelectorView.swift; sourceTree = "<group>"; };
		DB73179420AB257200D49AF3 /* RoundedBorderedView.swift */ = {isa = PBXFileReference; fileEncoding = 4; lastKnownFileType = sourcecode.swift; path = RoundedBorderedView.swift; sourceTree = "<group>"; };
		DB73179520AB257200D49AF3 /* ColorButton.swift */ = {isa = PBXFileReference; fileEncoding = 4; lastKnownFileType = sourcecode.swift; path = ColorButton.swift; sourceTree = "<group>"; };
		DB73179B20AB297100D49AF3 /* UIImage+ImageGenerator.swift */ = {isa = PBXFileReference; fileEncoding = 4; lastKnownFileType = sourcecode.swift; path = "UIImage+ImageGenerator.swift"; sourceTree = "<group>"; };
		DB73179E20AB2CE600D49AF3 /* LaunchPresenter.swift */ = {isa = PBXFileReference; fileEncoding = 4; lastKnownFileType = sourcecode.swift; path = LaunchPresenter.swift; sourceTree = "<group>"; };
		DB73179F20AB2CE600D49AF3 /* LaunchViewController.swift */ = {isa = PBXFileReference; fileEncoding = 4; lastKnownFileType = sourcecode.swift; path = LaunchViewController.swift; sourceTree = "<group>"; };
		DB7317A020AB2CE600D49AF3 /* BootstrapViewController.swift */ = {isa = PBXFileReference; fileEncoding = 4; lastKnownFileType = sourcecode.swift; path = BootstrapViewController.swift; sourceTree = "<group>"; };
		DB7317A420AB2D0800D49AF3 /* Launch.storyboard */ = {isa = PBXFileReference; lastKnownFileType = file.storyboard; path = Launch.storyboard; sourceTree = "<group>"; };
		DB7317A720AB2FE200D49AF3 /* TopPresenter.swift */ = {isa = PBXFileReference; fileEncoding = 4; lastKnownFileType = sourcecode.swift; path = TopPresenter.swift; sourceTree = "<group>"; };
		DB7317A820AB2FE200D49AF3 /* Top.storyboard */ = {isa = PBXFileReference; fileEncoding = 4; lastKnownFileType = file.storyboard; path = Top.storyboard; sourceTree = "<group>"; };
		DB7317A920AB2FE200D49AF3 /* TopViewController.swift */ = {isa = PBXFileReference; fileEncoding = 4; lastKnownFileType = sourcecode.swift; path = TopViewController.swift; sourceTree = "<group>"; };
		DB7317AD20AB31DC00D49AF3 /* TopAdapter.swift */ = {isa = PBXFileReference; fileEncoding = 4; lastKnownFileType = sourcecode.swift; path = TopAdapter.swift; sourceTree = "<group>"; };
		DB7317B120AB391700D49AF3 /* ValueSelectViewController.swift */ = {isa = PBXFileReference; fileEncoding = 4; lastKnownFileType = sourcecode.swift; path = ValueSelectViewController.swift; sourceTree = "<group>"; };
		DB7317B220AB391700D49AF3 /* ValueSelect.storyboard */ = {isa = PBXFileReference; fileEncoding = 4; lastKnownFileType = file.storyboard; path = ValueSelect.storyboard; sourceTree = "<group>"; };
		DB7317B420AB391700D49AF3 /* ColorSelectViewController.swift */ = {isa = PBXFileReference; fileEncoding = 4; lastKnownFileType = sourcecode.swift; path = ColorSelectViewController.swift; sourceTree = "<group>"; };
		DB7317B520AB391700D49AF3 /* ColorSelect.storyboard */ = {isa = PBXFileReference; fileEncoding = 4; lastKnownFileType = file.storyboard; path = ColorSelect.storyboard; sourceTree = "<group>"; };
		DB7317B720AB391700D49AF3 /* TextInput.storyboard */ = {isa = PBXFileReference; fileEncoding = 4; lastKnownFileType = file.storyboard; path = TextInput.storyboard; sourceTree = "<group>"; };
		DB7317B820AB391700D49AF3 /* TextInputViewController.swift */ = {isa = PBXFileReference; fileEncoding = 4; lastKnownFileType = sourcecode.swift; path = TextInputViewController.swift; sourceTree = "<group>"; };
		DB7317BA20AB391700D49AF3 /* Menu.storyboard */ = {isa = PBXFileReference; fileEncoding = 4; lastKnownFileType = file.storyboard; path = Menu.storyboard; sourceTree = "<group>"; };
		DB7317BB20AB391700D49AF3 /* MenuViewController.swift */ = {isa = PBXFileReference; fileEncoding = 4; lastKnownFileType = sourcecode.swift; path = MenuViewController.swift; sourceTree = "<group>"; };
		DB7317BD20AB391700D49AF3 /* AlertDialog.storyboard */ = {isa = PBXFileReference; fileEncoding = 4; lastKnownFileType = file.storyboard; path = AlertDialog.storyboard; sourceTree = "<group>"; };
		DB7317BE20AB391700D49AF3 /* AlertDialog+App.swift */ = {isa = PBXFileReference; fileEncoding = 4; lastKnownFileType = sourcecode.swift; path = "AlertDialog+App.swift"; sourceTree = "<group>"; };
		DB7317BF20AB391700D49AF3 /* AlertDialog.swift */ = {isa = PBXFileReference; fileEncoding = 4; lastKnownFileType = sourcecode.swift; path = AlertDialog.swift; sourceTree = "<group>"; };
		DB7317CC20AB39A300D49AF3 /* WallpaperAdapter.swift */ = {isa = PBXFileReference; fileEncoding = 4; lastKnownFileType = sourcecode.swift; path = WallpaperAdapter.swift; sourceTree = "<group>"; };
		DB7317CD20AB39A300D49AF3 /* Wallpaper.storyboard */ = {isa = PBXFileReference; fileEncoding = 4; lastKnownFileType = file.storyboard; path = Wallpaper.storyboard; sourceTree = "<group>"; };
		DB7317CE20AB39A300D49AF3 /* WallpaperViewController.swift */ = {isa = PBXFileReference; fileEncoding = 4; lastKnownFileType = sourcecode.swift; path = WallpaperViewController.swift; sourceTree = "<group>"; };
		DB7317CF20AB39A300D49AF3 /* WallpaperPresenter.swift */ = {isa = PBXFileReference; fileEncoding = 4; lastKnownFileType = sourcecode.swift; path = WallpaperPresenter.swift; sourceTree = "<group>"; };
		DB98A3E720AB15F100A5273D /* Ryochan2.app */ = {isa = PBXFileReference; explicitFileType = wrapper.application; includeInIndex = 0; path = Ryochan2.app; sourceTree = BUILT_PRODUCTS_DIR; };
		DB98A3EF20AB15F100A5273D /* Base */ = {isa = PBXFileReference; lastKnownFileType = file.storyboard; name = Base; path = Base.lproj/Main.storyboard; sourceTree = "<group>"; };
		DB98A3F120AB15F100A5273D /* Assets.xcassets */ = {isa = PBXFileReference; lastKnownFileType = folder.assetcatalog; path = Assets.xcassets; sourceTree = "<group>"; };
		DB98A3F420AB15F100A5273D /* Base */ = {isa = PBXFileReference; lastKnownFileType = file.storyboard; name = Base; path = Base.lproj/LaunchScreen.storyboard; sourceTree = "<group>"; };
		DB98A3F620AB15F100A5273D /* Info.plist */ = {isa = PBXFileReference; lastKnownFileType = text.plist.xml; path = Info.plist; sourceTree = "<group>"; };
		DB98A3FB20AB15F200A5273D /* Ryochan2Tests.xctest */ = {isa = PBXFileReference; explicitFileType = wrapper.cfbundle; includeInIndex = 0; path = Ryochan2Tests.xctest; sourceTree = BUILT_PRODUCTS_DIR; };
		DB98A3FF20AB15F200A5273D /* StringExtensionTest.swift */ = {isa = PBXFileReference; lastKnownFileType = sourcecode.swift; path = StringExtensionTest.swift; sourceTree = "<group>"; };
		DB98A40120AB15F200A5273D /* Info.plist */ = {isa = PBXFileReference; lastKnownFileType = text.plist.xml; path = Info.plist; sourceTree = "<group>"; };
		E426B6DC20B8039400F54FF9 /* JsonCoder.swift */ = {isa = PBXFileReference; fileEncoding = 4; lastKnownFileType = sourcecode.swift; path = JsonCoder.swift; sourceTree = "<group>"; };
		E426B6DE20B8195700F54FF9 /* CategorizedResources.swift */ = {isa = PBXFileReference; fileEncoding = 4; lastKnownFileType = sourcecode.swift; path = CategorizedResources.swift; sourceTree = "<group>"; };
		E4428ABE20B51A8400704862 /* Definition+Migration.swift */ = {isa = PBXFileReference; fileEncoding = 4; lastKnownFileType = sourcecode.swift; path = "Definition+Migration.swift"; sourceTree = "<group>"; };
		E4428AC020B549D600704862 /* Resources.zip */ = {isa = PBXFileReference; lastKnownFileType = archive.zip; path = Resources.zip; sourceTree = "<group>"; };
		E4428AC620B647D300704862 /* UIImage+App.swift */ = {isa = PBXFileReference; fileEncoding = 4; lastKnownFileType = sourcecode.swift; path = "UIImage+App.swift"; sourceTree = "<group>"; };
		E4428AC820B6B80000704862 /* FormationTemplate.swift */ = {isa = PBXFileReference; fileEncoding = 4; lastKnownFileType = sourcecode.swift; path = FormationTemplate.swift; sourceTree = "<group>"; };
		E4B73BDE20AEEB1100A301FB /* PortraitEdit.storyboard */ = {isa = PBXFileReference; fileEncoding = 4; lastKnownFileType = file.storyboard; path = PortraitEdit.storyboard; sourceTree = "<group>"; };
		E4B73BDF20AEEB1100A301FB /* PortraitEditAdapter.swift */ = {isa = PBXFileReference; fileEncoding = 4; lastKnownFileType = sourcecode.swift; path = PortraitEditAdapter.swift; sourceTree = "<group>"; };
		E4B73BE020AEEB1100A301FB /* PortraitEditPresenter.swift */ = {isa = PBXFileReference; fileEncoding = 4; lastKnownFileType = sourcecode.swift; path = PortraitEditPresenter.swift; sourceTree = "<group>"; };
		E4B73BE120AEEB1100A301FB /* PortraitEditViewController.swift */ = {isa = PBXFileReference; fileEncoding = 4; lastKnownFileType = sourcecode.swift; path = PortraitEditViewController.swift; sourceTree = "<group>"; };
		E4B73BE720AEEB2200A301FB /* PortraitSelectPresenter.swift */ = {isa = PBXFileReference; fileEncoding = 4; lastKnownFileType = sourcecode.swift; path = PortraitSelectPresenter.swift; sourceTree = "<group>"; };
		E4B73BE820AEEB2200A301FB /* PortraitSelectViewController.swift */ = {isa = PBXFileReference; fileEncoding = 4; lastKnownFileType = sourcecode.swift; path = PortraitSelectViewController.swift; sourceTree = "<group>"; };
		E4B73BE920AEEB2200A301FB /* PortraitSelect.storyboard */ = {isa = PBXFileReference; fileEncoding = 4; lastKnownFileType = file.storyboard; path = PortraitSelect.storyboard; sourceTree = "<group>"; };
		E4B73BEA20AEEB2200A301FB /* PortraitSelectAdapter.swift */ = {isa = PBXFileReference; fileEncoding = 4; lastKnownFileType = sourcecode.swift; path = PortraitSelectAdapter.swift; sourceTree = "<group>"; };
		E4B73BF020AEEB2B00A301FB /* Formation.storyboard */ = {isa = PBXFileReference; fileEncoding = 4; lastKnownFileType = file.storyboard; path = Formation.storyboard; sourceTree = "<group>"; };
		E4B73BF120AEEB2B00A301FB /* FormationPresenter.swift */ = {isa = PBXFileReference; fileEncoding = 4; lastKnownFileType = sourcecode.swift; path = FormationPresenter.swift; sourceTree = "<group>"; };
		E4B73BF220AEEB2B00A301FB /* FormationAdapter.swift */ = {isa = PBXFileReference; fileEncoding = 4; lastKnownFileType = sourcecode.swift; path = FormationAdapter.swift; sourceTree = "<group>"; };
		E4B73BF320AEEB2B00A301FB /* FormationViewController.swift */ = {isa = PBXFileReference; fileEncoding = 4; lastKnownFileType = sourcecode.swift; path = FormationViewController.swift; sourceTree = "<group>"; };
		E4B73BF920AEEB3200A301FB /* FormationSubstitutePresenter.swift */ = {isa = PBXFileReference; fileEncoding = 4; lastKnownFileType = sourcecode.swift; path = FormationSubstitutePresenter.swift; sourceTree = "<group>"; };
		E4B73BFA20AEEB3200A301FB /* FormationSubstituteViewController.swift */ = {isa = PBXFileReference; fileEncoding = 4; lastKnownFileType = sourcecode.swift; path = FormationSubstituteViewController.swift; sourceTree = "<group>"; };
		E4B73BFB20AEEB3200A301FB /* FormationSubstitute.storyboard */ = {isa = PBXFileReference; fileEncoding = 4; lastKnownFileType = file.storyboard; path = FormationSubstitute.storyboard; sourceTree = "<group>"; };
		E4B73BFC20AEEB3200A301FB /* FormationSubstituteAdapter.swift */ = {isa = PBXFileReference; fileEncoding = 4; lastKnownFileType = sourcecode.swift; path = FormationSubstituteAdapter.swift; sourceTree = "<group>"; };
		E4B73C0220AEEB3D00A301FB /* UniformListPresenter.swift */ = {isa = PBXFileReference; fileEncoding = 4; lastKnownFileType = sourcecode.swift; path = UniformListPresenter.swift; sourceTree = "<group>"; };
		E4B73C0320AEEB3D00A301FB /* UniformList.storyboard */ = {isa = PBXFileReference; fileEncoding = 4; lastKnownFileType = file.storyboard; path = UniformList.storyboard; sourceTree = "<group>"; };
		E4B73C0420AEEB3D00A301FB /* UniformListAdapter.swift */ = {isa = PBXFileReference; fileEncoding = 4; lastKnownFileType = sourcecode.swift; path = UniformListAdapter.swift; sourceTree = "<group>"; };
		E4B73C0520AEEB3D00A301FB /* UniformListViewController.swift */ = {isa = PBXFileReference; fileEncoding = 4; lastKnownFileType = sourcecode.swift; path = UniformListViewController.swift; sourceTree = "<group>"; };
		E4B73C0B20AEEB4200A301FB /* UniformEditAdapter.swift */ = {isa = PBXFileReference; fileEncoding = 4; lastKnownFileType = sourcecode.swift; path = UniformEditAdapter.swift; sourceTree = "<group>"; };
		E4B73C0C20AEEB4200A301FB /* UniformEdit.storyboard */ = {isa = PBXFileReference; fileEncoding = 4; lastKnownFileType = file.storyboard; path = UniformEdit.storyboard; sourceTree = "<group>"; };
		E4B73C0D20AEEB4200A301FB /* UniformEditPresenter.swift */ = {isa = PBXFileReference; fileEncoding = 4; lastKnownFileType = sourcecode.swift; path = UniformEditPresenter.swift; sourceTree = "<group>"; };
		E4B73C0E20AEEB4200A301FB /* UniformEditViewController.swift */ = {isa = PBXFileReference; fileEncoding = 4; lastKnownFileType = sourcecode.swift; path = UniformEditViewController.swift; sourceTree = "<group>"; };
		E4B73C1420AEEB4800A301FB /* UniformSelectPresenter.swift */ = {isa = PBXFileReference; fileEncoding = 4; lastKnownFileType = sourcecode.swift; path = UniformSelectPresenter.swift; sourceTree = "<group>"; };
		E4B73C1520AEEB4800A301FB /* UniformSelectViewController.swift */ = {isa = PBXFileReference; fileEncoding = 4; lastKnownFileType = sourcecode.swift; path = UniformSelectViewController.swift; sourceTree = "<group>"; };
		E4B73C1620AEEB4800A301FB /* UniformSelect.storyboard */ = {isa = PBXFileReference; fileEncoding = 4; lastKnownFileType = file.storyboard; path = UniformSelect.storyboard; sourceTree = "<group>"; };
		E4B73C1720AEEB4800A301FB /* UniformSelectAdapter.swift */ = {isa = PBXFileReference; fileEncoding = 4; lastKnownFileType = sourcecode.swift; path = UniformSelectAdapter.swift; sourceTree = "<group>"; };
		E4B73C1C20AEF95500A301FB /* UIView+App.swift */ = {isa = PBXFileReference; fileEncoding = 4; lastKnownFileType = sourcecode.swift; path = "UIView+App.swift"; sourceTree = "<group>"; };
		E4B73C1E20AEFCC900A301FB /* UIButton+App.swift */ = {isa = PBXFileReference; fileEncoding = 4; lastKnownFileType = sourcecode.swift; path = "UIButton+App.swift"; sourceTree = "<group>"; };
		E4B73C2020B25EE100A301FB /* ColorExtensionTest.swift */ = {isa = PBXFileReference; fileEncoding = 4; lastKnownFileType = sourcecode.swift; path = ColorExtensionTest.swift; sourceTree = "<group>"; };
		FECF8CCD3CFCFD6CA2C6822E /* Pods-Ryochan2Tests.release.xcconfig */ = {isa = PBXFileReference; includeInIndex = 1; lastKnownFileType = text.xcconfig; name = "Pods-Ryochan2Tests.release.xcconfig"; path = "Pods/Target Support Files/Pods-Ryochan2Tests/Pods-Ryochan2Tests.release.xcconfig"; sourceTree = "<group>"; };
/* End PBXFileReference section */

/* Begin PBXFrameworksBuildPhase section */
		DB98A3E420AB15F100A5273D /* Frameworks */ = {
			isa = PBXFrameworksBuildPhase;
			buildActionMask = 2147483647;
			files = (
				DBA039832D1163DC057C0842 /* Pods_Ryochan2.framework in Frameworks */,
			);
			runOnlyForDeploymentPostprocessing = 0;
		};
		DB98A3F820AB15F200A5273D /* Frameworks */ = {
			isa = PBXFrameworksBuildPhase;
			buildActionMask = 2147483647;
			files = (
				82EF94CEB7ABBA29451FFA96 /* Pods_Ryochan2Tests.framework in Frameworks */,
			);
			runOnlyForDeploymentPostprocessing = 0;
		};
/* End PBXFrameworksBuildPhase section */

/* Begin PBXGroup section */
		5706C7EBF9A76D9B9586C6DD /* Pods */ = {
			isa = PBXGroup;
			children = (
				2606EEA6EE39094B2AEC53DE /* Pods-Ryochan2.debug.xcconfig */,
				D91675FE35FA4DFA2258BDA8 /* Pods-Ryochan2.release.xcconfig */,
				3DBDA0DC140D76DDE687319D /* Pods-Ryochan2Tests.debug.xcconfig */,
				FECF8CCD3CFCFD6CA2C6822E /* Pods-Ryochan2Tests.release.xcconfig */,
			);
			name = Pods;
			sourceTree = "<group>";
		};
		C48FEE564B5FC1449A8CE7C8 /* Frameworks */ = {
			isa = PBXGroup;
			children = (
				4BDA1F74F5AA0ED912797074 /* Pods_Ryochan2.framework */,
				94EBD6B9ACA52BC2DB6135F3 /* Pods_Ryochan2Tests.framework */,
			);
			name = Frameworks;
			sourceTree = "<group>";
		};
		DB05538220B1E6260008DAD5 /* Enum */ = {
			isa = PBXGroup;
			children = (
				DB05538320B1E6260008DAD5 /* UniformNumberPosition.swift */,
				DB05538420B1E6260008DAD5 /* PartsColorType.swift */,
				DB05538520B1E6260008DAD5 /* MovableType.swift */,
			);
			path = Enum;
			sourceTree = "<group>";
		};
		DB05538620B1E6260008DAD5 /* Entity */ = {
			isa = PBXGroup;
			children = (
				DB05538920B1E6260008DAD5 /* Parts.swift */,
				DB05538B20B1E6260008DAD5 /* Category.swift */,
				E426B6DE20B8195700F54FF9 /* CategorizedResources.swift */,
				DB05538C20B1E6260008DAD5 /* Portrait.swift */,
				DB05538720B1E6260008DAD5 /* Uniform.swift */,
				DB05538A20B1E6260008DAD5 /* Formation.swift */,
				DB05538D20B1E6260008DAD5 /* Position.swift */,
				E4428AC820B6B80000704862 /* FormationTemplate.swift */,
				DB05538820B1E6260008DAD5 /* Wallpaper.swift */,
			);
			path = Entity;
			sourceTree = "<group>";
		};
		DB05538E20B1E6260008DAD5 /* Manager */ = {
			isa = PBXGroup;
			children = (
				DB0553A220B1E6850008DAD5 /* PortraitManager.swift */,
				DB05539F20B1E6840008DAD5 /* UniformManager.swift */,
				DB0553A320B1E6850008DAD5 /* FormationManager.swift */,
				DB0553A020B1E6840008DAD5 /* WallpaperManager.swift */,
			);
			path = Manager;
			sourceTree = "<group>";
		};
		DB73173220AB192900D49AF3 /* Sources */ = {
			isa = PBXGroup;
			children = (
				DB73173C20AB192900D49AF3 /* AppDelegate.swift */,
				DB73173820AB192900D49AF3 /* Definition */,
				DB73173320AB192900D49AF3 /* Extension */,
				DB73173620AB192900D49AF3 /* Dialog */,
				DB73173520AB192900D49AF3 /* Protocol */,
				DB73173A20AB192900D49AF3 /* Model */,
				DB73173420AB192900D49AF3 /* ImageGenerator */,
				DB73173B20AB192900D49AF3 /* View */,
				DB73176420AB253300D49AF3 /* Adapter */,
				DB7317AF20AB391700D49AF3 /* Module */,
				DB73173920AB192900D49AF3 /* Screen */,
			);
			name = Sources;
			path = Ryochan2/Sources;
			sourceTree = "<group>";
		};
		DB73173320AB192900D49AF3 /* Extension */ = {
			isa = PBXGroup;
			children = (
				DB73175A20AB1DAB00D49AF3 /* Codable+App.swift */,
				DB73175820AB1DAB00D49AF3 /* CoreGraphics+App.swift */,
				DB73175720AB1DAB00D49AF3 /* DialogBehavior+App.swift */,
				DB73175920AB1DAB00D49AF3 /* String+App.swift */,
				DB73175520AB1DAB00D49AF3 /* UIColor+App.swift */,
				E4428AC620B647D300704862 /* UIImage+App.swift */,
				E4B73C1E20AEFCC900A301FB /* UIButton+App.swift */,
				DB73175620AB1DAB00D49AF3 /* UITextField+App.swift */,
				DB73175B20AB1DAB00D49AF3 /* UIView+LayoutConstraint.swift */,
				E4B73C1C20AEF95500A301FB /* UIView+App.swift */,
				DB73175420AB1DAB00D49AF3 /* UIViewController+App.swift */,
			);
			path = Extension;
			sourceTree = "<group>";
		};
		DB73173420AB192900D49AF3 /* ImageGenerator */ = {
			isa = PBXGroup;
			children = (
				DB73179B20AB297100D49AF3 /* UIImage+ImageGenerator.swift */,
				DB73176920AB255000D49AF3 /* FormationImageGenerator.swift */,
				DB73176A20AB255000D49AF3 /* PlayerImageGenerator.swift */,
				DB73176C20AB255000D49AF3 /* PortraitImageGenerator.swift */,
				DB73176D20AB255000D49AF3 /* UniformImageGenerator.swift */,
				DB73176B20AB255000D49AF3 /* WallpaperImageGenerator.swift */,
			);
			path = ImageGenerator;
			sourceTree = "<group>";
		};
		DB73173520AB192900D49AF3 /* Protocol */ = {
			isa = PBXGroup;
			children = (
				DB73177320AB255C00D49AF3 /* CompoundedImageGeneratorProtocol.swift */,
				DB73177420AB255C00D49AF3 /* Notificatable.swift */,
			);
			path = Protocol;
			sourceTree = "<group>";
		};
		DB73173620AB192900D49AF3 /* Dialog */ = {
			isa = PBXGroup;
			children = (
				DB73174F20AB1D9B00D49AF3 /* Animation */,
				DB73173720AB192900D49AF3 /* Dialog.swift */,
			);
			path = Dialog;
			sourceTree = "<group>";
		};
		DB73173820AB192900D49AF3 /* Definition */ = {
			isa = PBXGroup;
			children = (
				DB73174520AB1D7000D49AF3 /* Definition.swift */,
				DB73174320AB1D7000D49AF3 /* Definition+Parts.swift */,
				DB73174020AB1D7000D49AF3 /* Definition+Portrait.swift */,
				DB73173F20AB1D7000D49AF3 /* Definition+Uniform.swift */,
				DB73174120AB1D7000D49AF3 /* Definition+Formation.swift */,
				DB73174620AB1D7000D49AF3 /* Definition+Wallpaper.swift */,
				E4428ABE20B51A8400704862 /* Definition+Migration.swift */,
				DB73174220AB1D7000D49AF3 /* Color.swift */,
				DB73174420AB1D7000D49AF3 /* Dimension.swift */,
			);
			path = Definition;
			sourceTree = "<group>";
		};
		DB73173920AB192900D49AF3 /* Screen */ = {
			isa = PBXGroup;
			children = (
				DB7317A020AB2CE600D49AF3 /* BootstrapViewController.swift */,
				DB73179D20AB2CE600D49AF3 /* Launch */,
				DB7317A620AB2FE200D49AF3 /* Top */,
				E4B73BDD20AEEB1100A301FB /* PortraitEdit */,
				E4B73BE620AEEB2200A301FB /* PortraitSelect */,
				E4B73BEF20AEEB2B00A301FB /* Formation */,
				E4B73BF820AEEB3200A301FB /* FormationSubstitute */,
				E4B73C0120AEEB3D00A301FB /* UniformList */,
				E4B73C0A20AEEB4200A301FB /* UniformEdit */,
				E4B73C1320AEEB4800A301FB /* UniformSelect */,
				DB7317CB20AB39A300D49AF3 /* Wallpaper */,
			);
			path = Screen;
			sourceTree = "<group>";
		};
		DB73173A20AB192900D49AF3 /* Model */ = {
			isa = PBXGroup;
			children = (
				DB05538620B1E6260008DAD5 /* Entity */,
				DB05538E20B1E6260008DAD5 /* Manager */,
				DB05538220B1E6260008DAD5 /* Enum */,
				DB05539120B1E6270008DAD5 /* File.swift */,
				E426B6DC20B8039400F54FF9 /* JsonCoder.swift */,
				DB05538F20B1E6260008DAD5 /* Migration.swift */,
				DB05539020B1E6260008DAD5 /* Sns.swift */,
			);
			path = Model;
			sourceTree = "<group>";
		};
		DB73173B20AB192900D49AF3 /* View */ = {
			isa = PBXGroup;
			children = (
				DB73179420AB257200D49AF3 /* RoundedBorderedView.swift */,
				DB73179220AB257200D49AF3 /* HighlightButton.swift */,
				DB73179520AB257200D49AF3 /* ColorButton.swift */,
				DB73179320AB257200D49AF3 /* NumberSelectorView.swift */,
				DB73179120AB257200D49AF3 /* PreviewView.swift */,
			);
			path = View;
			sourceTree = "<group>";
		};
		DB73174F20AB1D9B00D49AF3 /* Animation */ = {
			isa = PBXGroup;
			children = (
				DB73175120AB1D9B00D49AF3 /* DialogRiseupBehavior.swift */,
				DB73175020AB1D9B00D49AF3 /* DialogRightDrawBehavior.swift */,
			);
			path = Animation;
			sourceTree = "<group>";
		};
		DB73176420AB253300D49AF3 /* Adapter */ = {
			isa = PBXGroup;
			children = (
				DB73176620AB253300D49AF3 /* CategorySelectAdapter.swift */,
				DB73176520AB253300D49AF3 /* PartsSelectAdapter.swift */,
			);
			path = Adapter;
			sourceTree = "<group>";
		};
		DB73179D20AB2CE600D49AF3 /* Launch */ = {
			isa = PBXGroup;
			children = (
				DB7317A420AB2D0800D49AF3 /* Launch.storyboard */,
				DB73179E20AB2CE600D49AF3 /* LaunchPresenter.swift */,
				DB73179F20AB2CE600D49AF3 /* LaunchViewController.swift */,
			);
			path = Launch;
			sourceTree = "<group>";
		};
		DB7317A620AB2FE200D49AF3 /* Top */ = {
			isa = PBXGroup;
			children = (
				DB7317A820AB2FE200D49AF3 /* Top.storyboard */,
				DB7317A720AB2FE200D49AF3 /* TopPresenter.swift */,
				DB7317AD20AB31DC00D49AF3 /* TopAdapter.swift */,
				DB7317A920AB2FE200D49AF3 /* TopViewController.swift */,
			);
			path = Top;
			sourceTree = "<group>";
		};
		DB7317AF20AB391700D49AF3 /* Module */ = {
			isa = PBXGroup;
			children = (
				DB7317B020AB391700D49AF3 /* ValueSelect */,
				DB7317B320AB391700D49AF3 /* ColorSelect */,
				DB7317B620AB391700D49AF3 /* TextInput */,
				DB7317B920AB391700D49AF3 /* Menu */,
				DB7317BC20AB391700D49AF3 /* AlertDialog */,
			);
			path = Module;
			sourceTree = "<group>";
		};
		DB7317B020AB391700D49AF3 /* ValueSelect */ = {
			isa = PBXGroup;
			children = (
				DB7317B120AB391700D49AF3 /* ValueSelectViewController.swift */,
				DB7317B220AB391700D49AF3 /* ValueSelect.storyboard */,
			);
			path = ValueSelect;
			sourceTree = "<group>";
		};
		DB7317B320AB391700D49AF3 /* ColorSelect */ = {
			isa = PBXGroup;
			children = (
				DB7317B420AB391700D49AF3 /* ColorSelectViewController.swift */,
				DB7317B520AB391700D49AF3 /* ColorSelect.storyboard */,
			);
			path = ColorSelect;
			sourceTree = "<group>";
		};
		DB7317B620AB391700D49AF3 /* TextInput */ = {
			isa = PBXGroup;
			children = (
				DB7317B720AB391700D49AF3 /* TextInput.storyboard */,
				DB7317B820AB391700D49AF3 /* TextInputViewController.swift */,
			);
			path = TextInput;
			sourceTree = "<group>";
		};
		DB7317B920AB391700D49AF3 /* Menu */ = {
			isa = PBXGroup;
			children = (
				DB7317BA20AB391700D49AF3 /* Menu.storyboard */,
				DB7317BB20AB391700D49AF3 /* MenuViewController.swift */,
			);
			path = Menu;
			sourceTree = "<group>";
		};
		DB7317BC20AB391700D49AF3 /* AlertDialog */ = {
			isa = PBXGroup;
			children = (
				DB7317BD20AB391700D49AF3 /* AlertDialog.storyboard */,
				DB7317BE20AB391700D49AF3 /* AlertDialog+App.swift */,
				DB7317BF20AB391700D49AF3 /* AlertDialog.swift */,
			);
			path = AlertDialog;
			sourceTree = "<group>";
		};
		DB7317CB20AB39A300D49AF3 /* Wallpaper */ = {
			isa = PBXGroup;
			children = (
				DB7317CD20AB39A300D49AF3 /* Wallpaper.storyboard */,
				DB7317CF20AB39A300D49AF3 /* WallpaperPresenter.swift */,
				DB7317CC20AB39A300D49AF3 /* WallpaperAdapter.swift */,
				DB7317CE20AB39A300D49AF3 /* WallpaperViewController.swift */,
			);
			path = Wallpaper;
			sourceTree = "<group>";
		};
		DB98A3DE20AB15F100A5273D = {
			isa = PBXGroup;
			children = (
				DB73173220AB192900D49AF3 /* Sources */,
				DB98A3E920AB15F100A5273D /* Ryochan2 */,
				DB98A3FE20AB15F200A5273D /* Ryochan2Tests */,
				DB98A3E820AB15F100A5273D /* Products */,
				5706C7EBF9A76D9B9586C6DD /* Pods */,
				C48FEE564B5FC1449A8CE7C8 /* Frameworks */,
			);
			sourceTree = "<group>";
		};
		DB98A3E820AB15F100A5273D /* Products */ = {
			isa = PBXGroup;
			children = (
				DB98A3E720AB15F100A5273D /* Ryochan2.app */,
				DB98A3FB20AB15F200A5273D /* Ryochan2Tests.xctest */,
			);
			name = Products;
			sourceTree = "<group>";
		};
		DB98A3E920AB15F100A5273D /* Ryochan2 */ = {
			isa = PBXGroup;
			children = (
				E4428AC020B549D600704862 /* Resources.zip */,
				DB98A3EE20AB15F100A5273D /* Main.storyboard */,
				DB98A3F320AB15F100A5273D /* LaunchScreen.storyboard */,
				DB98A3F120AB15F100A5273D /* Assets.xcassets */,
				DB98A3F620AB15F100A5273D /* Info.plist */,
			);
			path = Ryochan2;
			sourceTree = "<group>";
		};
		DB98A3FE20AB15F200A5273D /* Ryochan2Tests */ = {
			isa = PBXGroup;
			children = (
				DB98A3FF20AB15F200A5273D /* StringExtensionTest.swift */,
				E4B73C2020B25EE100A301FB /* ColorExtensionTest.swift */,
				DB98A40120AB15F200A5273D /* Info.plist */,
			);
			path = Ryochan2Tests;
			sourceTree = "<group>";
		};
		E4B73BDD20AEEB1100A301FB /* PortraitEdit */ = {
			isa = PBXGroup;
			children = (
				E4B73BDE20AEEB1100A301FB /* PortraitEdit.storyboard */,
				E4B73BE020AEEB1100A301FB /* PortraitEditPresenter.swift */,
				E4B73BDF20AEEB1100A301FB /* PortraitEditAdapter.swift */,
				E4B73BE120AEEB1100A301FB /* PortraitEditViewController.swift */,
			);
			path = PortraitEdit;
			sourceTree = "<group>";
		};
		E4B73BE620AEEB2200A301FB /* PortraitSelect */ = {
			isa = PBXGroup;
			children = (
				E4B73BE920AEEB2200A301FB /* PortraitSelect.storyboard */,
				E4B73BE720AEEB2200A301FB /* PortraitSelectPresenter.swift */,
				E4B73BEA20AEEB2200A301FB /* PortraitSelectAdapter.swift */,
				E4B73BE820AEEB2200A301FB /* PortraitSelectViewController.swift */,
			);
			path = PortraitSelect;
			sourceTree = "<group>";
		};
		E4B73BEF20AEEB2B00A301FB /* Formation */ = {
			isa = PBXGroup;
			children = (
				E4B73BF020AEEB2B00A301FB /* Formation.storyboard */,
				E4B73BF120AEEB2B00A301FB /* FormationPresenter.swift */,
				E4B73BF220AEEB2B00A301FB /* FormationAdapter.swift */,
				E4B73BF320AEEB2B00A301FB /* FormationViewController.swift */,
			);
			path = Formation;
			sourceTree = "<group>";
		};
		E4B73BF820AEEB3200A301FB /* FormationSubstitute */ = {
			isa = PBXGroup;
			children = (
				E4B73BFB20AEEB3200A301FB /* FormationSubstitute.storyboard */,
				E4B73BF920AEEB3200A301FB /* FormationSubstitutePresenter.swift */,
				E4B73BFC20AEEB3200A301FB /* FormationSubstituteAdapter.swift */,
				E4B73BFA20AEEB3200A301FB /* FormationSubstituteViewController.swift */,
			);
			path = FormationSubstitute;
			sourceTree = "<group>";
		};
		E4B73C0120AEEB3D00A301FB /* UniformList */ = {
			isa = PBXGroup;
			children = (
				E4B73C0320AEEB3D00A301FB /* UniformList.storyboard */,
				E4B73C0220AEEB3D00A301FB /* UniformListPresenter.swift */,
				E4B73C0420AEEB3D00A301FB /* UniformListAdapter.swift */,
				E4B73C0520AEEB3D00A301FB /* UniformListViewController.swift */,
			);
			path = UniformList;
			sourceTree = "<group>";
		};
		E4B73C0A20AEEB4200A301FB /* UniformEdit */ = {
			isa = PBXGroup;
			children = (
				E4B73C0C20AEEB4200A301FB /* UniformEdit.storyboard */,
				E4B73C0D20AEEB4200A301FB /* UniformEditPresenter.swift */,
				E4B73C0B20AEEB4200A301FB /* UniformEditAdapter.swift */,
				E4B73C0E20AEEB4200A301FB /* UniformEditViewController.swift */,
			);
			path = UniformEdit;
			sourceTree = "<group>";
		};
		E4B73C1320AEEB4800A301FB /* UniformSelect */ = {
			isa = PBXGroup;
			children = (
				E4B73C1620AEEB4800A301FB /* UniformSelect.storyboard */,
				E4B73C1420AEEB4800A301FB /* UniformSelectPresenter.swift */,
				E4B73C1720AEEB4800A301FB /* UniformSelectAdapter.swift */,
				E4B73C1520AEEB4800A301FB /* UniformSelectViewController.swift */,
			);
			path = UniformSelect;
			sourceTree = "<group>";
		};
/* End PBXGroup section */

/* Begin PBXNativeTarget section */
		DB98A3E620AB15F100A5273D /* Ryochan2 */ = {
			isa = PBXNativeTarget;
			buildConfigurationList = DB98A40420AB15F200A5273D /* Build configuration list for PBXNativeTarget "Ryochan2" */;
			buildPhases = (
				A86968AC1ED2DC3BBF0A14DC /* [CP] Check Pods Manifest.lock */,
				DB98A3E320AB15F100A5273D /* Sources */,
				DB98A3E420AB15F100A5273D /* Frameworks */,
				DB98A3E520AB15F100A5273D /* Resources */,
				E0FCE73C58A22295A7EDCAA1 /* [CP] Embed Pods Frameworks */,
				1519C60FA7E2BF2F6F3F6319 /* [CP] Copy Pods Resources */,
			);
			buildRules = (
			);
			dependencies = (
			);
			name = Ryochan2;
			productName = Ryochan2;
			productReference = DB98A3E720AB15F100A5273D /* Ryochan2.app */;
			productType = "com.apple.product-type.application";
		};
		DB98A3FA20AB15F200A5273D /* Ryochan2Tests */ = {
			isa = PBXNativeTarget;
			buildConfigurationList = DB98A40720AB15F200A5273D /* Build configuration list for PBXNativeTarget "Ryochan2Tests" */;
			buildPhases = (
				B979C4B986EF3EDB2B159849 /* [CP] Check Pods Manifest.lock */,
				DB98A3F720AB15F200A5273D /* Sources */,
				DB98A3F820AB15F200A5273D /* Frameworks */,
				DB98A3F920AB15F200A5273D /* Resources */,
				95B55C5921D90AB918436EE4 /* [CP] Embed Pods Frameworks */,
				4BF6A43E85777BE564D5F0C4 /* [CP] Copy Pods Resources */,
			);
			buildRules = (
			);
			dependencies = (
				DB98A3FD20AB15F200A5273D /* PBXTargetDependency */,
			);
			name = Ryochan2Tests;
			productName = Ryochan2Tests;
			productReference = DB98A3FB20AB15F200A5273D /* Ryochan2Tests.xctest */;
			productType = "com.apple.product-type.bundle.unit-test";
		};
/* End PBXNativeTarget section */

/* Begin PBXProject section */
		DB98A3DF20AB15F100A5273D /* Project object */ = {
			isa = PBXProject;
			attributes = {
				LastSwiftUpdateCheck = 0930;
				LastUpgradeCheck = 0930;
				ORGANIZATIONNAME = "yuichi.nakayasu@gmail.com";
				TargetAttributes = {
					DB98A3E620AB15F100A5273D = {
						CreatedOnToolsVersion = 9.3;
					};
					DB98A3FA20AB15F200A5273D = {
						CreatedOnToolsVersion = 9.3;
						TestTargetID = DB98A3E620AB15F100A5273D;
					};
				};
			};
			buildConfigurationList = DB98A3E220AB15F100A5273D /* Build configuration list for PBXProject "Ryochan2" */;
			compatibilityVersion = "Xcode 9.3";
			developmentRegion = en;
			hasScannedForEncodings = 0;
			knownRegions = (
				en,
				Base,
			);
			mainGroup = DB98A3DE20AB15F100A5273D;
			productRefGroup = DB98A3E820AB15F100A5273D /* Products */;
			projectDirPath = "";
			projectRoot = "";
			targets = (
				DB98A3E620AB15F100A5273D /* Ryochan2 */,
				DB98A3FA20AB15F200A5273D /* Ryochan2Tests */,
			);
		};
/* End PBXProject section */

/* Begin PBXResourcesBuildPhase section */
		DB98A3E520AB15F100A5273D /* Resources */ = {
			isa = PBXResourcesBuildPhase;
			buildActionMask = 2147483647;
			files = (
				E4B73BFF20AEEB3200A301FB /* FormationSubstitute.storyboard in Resources */,
				DB7317C420AB391700D49AF3 /* TextInput.storyboard in Resources */,
				DB98A3F520AB15F100A5273D /* LaunchScreen.storyboard in Resources */,
				DB7317D120AB39A300D49AF3 /* Wallpaper.storyboard in Resources */,
				DB7317AB20AB2FE200D49AF3 /* Top.storyboard in Resources */,
				E4B73BF420AEEB2B00A301FB /* Formation.storyboard in Resources */,
				DB7317C620AB391700D49AF3 /* Menu.storyboard in Resources */,
				DB7317C120AB391700D49AF3 /* ValueSelect.storyboard in Resources */,
				DB7317C320AB391700D49AF3 /* ColorSelect.storyboard in Resources */,
				E4B73C0720AEEB3D00A301FB /* UniformList.storyboard in Resources */,
				DB98A3F220AB15F100A5273D /* Assets.xcassets in Resources */,
				E4B73BED20AEEB2200A301FB /* PortraitSelect.storyboard in Resources */,
				E4428AC120B549D600704862 /* Resources.zip in Resources */,
				DB7317C820AB391700D49AF3 /* AlertDialog.storyboard in Resources */,
				E4B73BE220AEEB1100A301FB /* PortraitEdit.storyboard in Resources */,
				DB98A3F020AB15F100A5273D /* Main.storyboard in Resources */,
				E4B73C1020AEEB4200A301FB /* UniformEdit.storyboard in Resources */,
				DB7317A520AB2D0800D49AF3 /* Launch.storyboard in Resources */,
				E4B73C1A20AEEB4800A301FB /* UniformSelect.storyboard in Resources */,
			);
			runOnlyForDeploymentPostprocessing = 0;
		};
		DB98A3F920AB15F200A5273D /* Resources */ = {
			isa = PBXResourcesBuildPhase;
			buildActionMask = 2147483647;
			files = (
			);
			runOnlyForDeploymentPostprocessing = 0;
		};
/* End PBXResourcesBuildPhase section */

/* Begin PBXShellScriptBuildPhase section */
		1519C60FA7E2BF2F6F3F6319 /* [CP] Copy Pods Resources */ = {
			isa = PBXShellScriptBuildPhase;
			buildActionMask = 2147483647;
			files = (
			);
			inputPaths = (
			);
			name = "[CP] Copy Pods Resources";
			outputPaths = (
			);
			runOnlyForDeploymentPostprocessing = 0;
			shellPath = /bin/sh;
			shellScript = "\"${SRCROOT}/Pods/Target Support Files/Pods-Ryochan2/Pods-Ryochan2-resources.sh\"\n";
			showEnvVarsInLog = 0;
		};
		4BF6A43E85777BE564D5F0C4 /* [CP] Copy Pods Resources */ = {
			isa = PBXShellScriptBuildPhase;
			buildActionMask = 2147483647;
			files = (
			);
			inputPaths = (
			);
			name = "[CP] Copy Pods Resources";
			outputPaths = (
			);
			runOnlyForDeploymentPostprocessing = 0;
			shellPath = /bin/sh;
			shellScript = "\"${SRCROOT}/Pods/Target Support Files/Pods-Ryochan2Tests/Pods-Ryochan2Tests-resources.sh\"\n";
			showEnvVarsInLog = 0;
		};
		95B55C5921D90AB918436EE4 /* [CP] Embed Pods Frameworks */ = {
			isa = PBXShellScriptBuildPhase;
			buildActionMask = 2147483647;
			files = (
			);
			inputPaths = (
			);
			name = "[CP] Embed Pods Frameworks";
			outputPaths = (
			);
			runOnlyForDeploymentPostprocessing = 0;
			shellPath = /bin/sh;
			shellScript = "\"${SRCROOT}/Pods/Target Support Files/Pods-Ryochan2Tests/Pods-Ryochan2Tests-frameworks.sh\"\n";
			showEnvVarsInLog = 0;
		};
		A86968AC1ED2DC3BBF0A14DC /* [CP] Check Pods Manifest.lock */ = {
			isa = PBXShellScriptBuildPhase;
			buildActionMask = 2147483647;
			files = (
			);
			inputPaths = (
			);
			name = "[CP] Check Pods Manifest.lock";
			outputPaths = (
			);
			runOnlyForDeploymentPostprocessing = 0;
			shellPath = /bin/sh;
			shellScript = "diff \"${PODS_PODFILE_DIR_PATH}/Podfile.lock\" \"${PODS_ROOT}/Manifest.lock\" > /dev/null\nif [ $? != 0 ] ; then\n    # print error to STDERR\n    echo \"error: The sandbox is not in sync with the Podfile.lock. Run 'pod install' or update your CocoaPods installation.\" >&2\n    exit 1\nfi\n";
			showEnvVarsInLog = 0;
		};
		B979C4B986EF3EDB2B159849 /* [CP] Check Pods Manifest.lock */ = {
			isa = PBXShellScriptBuildPhase;
			buildActionMask = 2147483647;
			files = (
			);
			inputPaths = (
			);
			name = "[CP] Check Pods Manifest.lock";
			outputPaths = (
			);
			runOnlyForDeploymentPostprocessing = 0;
			shellPath = /bin/sh;
			shellScript = "diff \"${PODS_PODFILE_DIR_PATH}/Podfile.lock\" \"${PODS_ROOT}/Manifest.lock\" > /dev/null\nif [ $? != 0 ] ; then\n    # print error to STDERR\n    echo \"error: The sandbox is not in sync with the Podfile.lock. Run 'pod install' or update your CocoaPods installation.\" >&2\n    exit 1\nfi\n";
			showEnvVarsInLog = 0;
		};
		E0FCE73C58A22295A7EDCAA1 /* [CP] Embed Pods Frameworks */ = {
			isa = PBXShellScriptBuildPhase;
			buildActionMask = 2147483647;
			files = (
			);
			inputPaths = (
			);
			name = "[CP] Embed Pods Frameworks";
			outputPaths = (
			);
			runOnlyForDeploymentPostprocessing = 0;
			shellPath = /bin/sh;
			shellScript = "\"${SRCROOT}/Pods/Target Support Files/Pods-Ryochan2/Pods-Ryochan2-frameworks.sh\"\n";
			showEnvVarsInLog = 0;
		};
/* End PBXShellScriptBuildPhase section */

/* Begin PBXSourcesBuildPhase section */
		DB98A3E320AB15F100A5273D /* Sources */ = {
			isa = PBXSourcesBuildPhase;
			buildActionMask = 2147483647;
			files = (
				E4B73BFD20AEEB3200A301FB /* FormationSubstitutePresenter.swift in Sources */,
				DB73174C20AB1D7000D49AF3 /* Dimension.swift in Sources */,
				DB73174D20AB1D7000D49AF3 /* Definition.swift in Sources */,
				DB73177020AB255000D49AF3 /* WallpaperImageGenerator.swift in Sources */,
				DB73176720AB253400D49AF3 /* PartsSelectAdapter.swift in Sources */,
				E4B73BF720AEEB2B00A301FB /* FormationViewController.swift in Sources */,
				E4B73BEB20AEEB2200A301FB /* PortraitSelectPresenter.swift in Sources */,
				DB7317AA20AB2FE200D49AF3 /* TopPresenter.swift in Sources */,
				DB73179A20AB257200D49AF3 /* ColorButton.swift in Sources */,
				DB05539820B1E6270008DAD5 /* Formation.swift in Sources */,
				E4B73BFE20AEEB3200A301FB /* FormationSubstituteViewController.swift in Sources */,
				E4428ABF20B51A8400704862 /* Definition+Migration.swift in Sources */,
				DB7317C720AB391700D49AF3 /* MenuViewController.swift in Sources */,
				DB0553A920B1E6850008DAD5 /* PortraitManager.swift in Sources */,
				DB73179620AB257200D49AF3 /* PreviewView.swift in Sources */,
				DB7317D220AB39A300D49AF3 /* WallpaperViewController.swift in Sources */,
				DB7317C920AB391700D49AF3 /* AlertDialog+App.swift in Sources */,
				DB73176220AB1DAB00D49AF3 /* Codable+App.swift in Sources */,
				DB73176F20AB255000D49AF3 /* PlayerImageGenerator.swift in Sources */,
				DB73176120AB1DAB00D49AF3 /* String+App.swift in Sources */,
				E4B73BEC20AEEB2200A301FB /* PortraitSelectViewController.swift in Sources */,
				E4B73BE320AEEB1100A301FB /* PortraitEditAdapter.swift in Sources */,
				DB73177520AB255C00D49AF3 /* CompoundedImageGeneratorProtocol.swift in Sources */,
				E426B6DD20B8039400F54FF9 /* JsonCoder.swift in Sources */,
				DB73173E20AB192900D49AF3 /* AppDelegate.swift in Sources */,
				E4428AC720B647D300704862 /* UIImage+App.swift in Sources */,
				DB7317AE20AB31DC00D49AF3 /* TopAdapter.swift in Sources */,
				DB05539920B1E6270008DAD5 /* Category.swift in Sources */,
				E4B73BF520AEEB2B00A301FB /* FormationPresenter.swift in Sources */,
				DB05539D20B1E6270008DAD5 /* Sns.swift in Sources */,
				DB73174820AB1D7000D49AF3 /* Definition+Portrait.swift in Sources */,
				DB73175E20AB1DAB00D49AF3 /* UITextField+App.swift in Sources */,
				DB73175220AB1D9B00D49AF3 /* DialogRightDrawBehavior.swift in Sources */,
				DB73175C20AB1DAB00D49AF3 /* UIViewController+App.swift in Sources */,
				DB73179720AB257200D49AF3 /* HighlightButton.swift in Sources */,
				E426B6DF20B8195800F54FF9 /* CategorizedResources.swift in Sources */,
				DB73179920AB257200D49AF3 /* RoundedBorderedView.swift in Sources */,
				E4B73C0F20AEEB4200A301FB /* UniformEditAdapter.swift in Sources */,
				E4B73BF620AEEB2B00A301FB /* FormationAdapter.swift in Sources */,
				E4428AC920B6B80000704862 /* FormationTemplate.swift in Sources */,
				DB73174920AB1D7000D49AF3 /* Definition+Formation.swift in Sources */,
				E4B73C1B20AEEB4800A301FB /* UniformSelectAdapter.swift in Sources */,
				E4B73C0820AEEB3D00A301FB /* UniformListAdapter.swift in Sources */,
				DB05539E20B1E6270008DAD5 /* File.swift in Sources */,
				DB05539620B1E6270008DAD5 /* Wallpaper.swift in Sources */,
				E4B73C0620AEEB3D00A301FB /* UniformListPresenter.swift in Sources */,
				DB0553A620B1E6850008DAD5 /* UniformManager.swift in Sources */,
				DB73174E20AB1D7000D49AF3 /* Definition+Wallpaper.swift in Sources */,
				E4B73BE520AEEB1100A301FB /* PortraitEditViewController.swift in Sources */,
				DB73176E20AB255000D49AF3 /* FormationImageGenerator.swift in Sources */,
				DB05539220B1E6270008DAD5 /* UniformNumberPosition.swift in Sources */,
				E4B73C1220AEEB4200A301FB /* UniformEditViewController.swift in Sources */,
				DB0553AA20B1E6850008DAD5 /* FormationManager.swift in Sources */,
				DB73176320AB1DAB00D49AF3 /* UIView+LayoutConstraint.swift in Sources */,
				DB05539320B1E6270008DAD5 /* PartsColorType.swift in Sources */,
				DB7317C020AB391700D49AF3 /* ValueSelectViewController.swift in Sources */,
				DB7317CA20AB391700D49AF3 /* AlertDialog.swift in Sources */,
				DB73176020AB1DAB00D49AF3 /* CoreGraphics+App.swift in Sources */,
				E4B73C1920AEEB4800A301FB /* UniformSelectViewController.swift in Sources */,
				E4B73BE420AEEB1100A301FB /* PortraitEditPresenter.swift in Sources */,
				DB05539A20B1E6270008DAD5 /* Portrait.swift in Sources */,
				DB73174720AB1D7000D49AF3 /* Definition+Uniform.swift in Sources */,
				DB05539420B1E6270008DAD5 /* MovableType.swift in Sources */,
				DB73176820AB253400D49AF3 /* CategorySelectAdapter.swift in Sources */,
				DB05539B20B1E6270008DAD5 /* Position.swift in Sources */,
				DB73174B20AB1D7000D49AF3 /* Definition+Parts.swift in Sources */,
				DB73179820AB257200D49AF3 /* NumberSelectorView.swift in Sources */,
				DB7317C520AB391700D49AF3 /* TextInputViewController.swift in Sources */,
				E4B73C0020AEEB3200A301FB /* FormationSubstituteAdapter.swift in Sources */,
				E4B73BEE20AEEB2200A301FB /* PortraitSelectAdapter.swift in Sources */,
				E4B73C1F20AEFCCA00A301FB /* UIButton+App.swift in Sources */,
				DB73177620AB255C00D49AF3 /* Notificatable.swift in Sources */,
				DB7317A120AB2CE600D49AF3 /* LaunchPresenter.swift in Sources */,
				DB7317A220AB2CE600D49AF3 /* LaunchViewController.swift in Sources */,
				DB7317A320AB2CE600D49AF3 /* BootstrapViewController.swift in Sources */,
				DB0553A720B1E6850008DAD5 /* WallpaperManager.swift in Sources */,
				DB7317AC20AB2FE200D49AF3 /* TopViewController.swift in Sources */,
				E4B73C1120AEEB4200A301FB /* UniformEditPresenter.swift in Sources */,
				DB7317D020AB39A300D49AF3 /* WallpaperAdapter.swift in Sources */,
				DB05539C20B1E6270008DAD5 /* Migration.swift in Sources */,
				DB73177120AB255000D49AF3 /* PortraitImageGenerator.swift in Sources */,
				E4B73C1820AEEB4800A301FB /* UniformSelectPresenter.swift in Sources */,
				DB7317C220AB391700D49AF3 /* ColorSelectViewController.swift in Sources */,
				DB7317D320AB39A300D49AF3 /* WallpaperPresenter.swift in Sources */,
				DB73175320AB1D9B00D49AF3 /* DialogRiseupBehavior.swift in Sources */,
				DB05539720B1E6270008DAD5 /* Parts.swift in Sources */,
				DB73173D20AB192900D49AF3 /* Dialog.swift in Sources */,
				DB73174A20AB1D7000D49AF3 /* Color.swift in Sources */,
				DB73175D20AB1DAB00D49AF3 /* UIColor+App.swift in Sources */,
				E4B73C1D20AEF95600A301FB /* UIView+App.swift in Sources */,
				DB73179C20AB297100D49AF3 /* UIImage+ImageGenerator.swift in Sources */,
				DB05539520B1E6270008DAD5 /* Uniform.swift in Sources */,
				DB73177220AB255000D49AF3 /* UniformImageGenerator.swift in Sources */,
				DB73175F20AB1DAB00D49AF3 /* DialogBehavior+App.swift in Sources */,
				E4B73C0920AEEB3D00A301FB /* UniformListViewController.swift in Sources */,
			);
			runOnlyForDeploymentPostprocessing = 0;
		};
		DB98A3F720AB15F200A5273D /* Sources */ = {
			isa = PBXSourcesBuildPhase;
			buildActionMask = 2147483647;
			files = (
				DB98A40020AB15F200A5273D /* StringExtensionTest.swift in Sources */,
				E4B73C2120B25EE100A301FB /* ColorExtensionTest.swift in Sources */,
			);
			runOnlyForDeploymentPostprocessing = 0;
		};
/* End PBXSourcesBuildPhase section */

/* Begin PBXTargetDependency section */
		DB98A3FD20AB15F200A5273D /* PBXTargetDependency */ = {
			isa = PBXTargetDependency;
			target = DB98A3E620AB15F100A5273D /* Ryochan2 */;
			targetProxy = DB98A3FC20AB15F200A5273D /* PBXContainerItemProxy */;
		};
/* End PBXTargetDependency section */

/* Begin PBXVariantGroup section */
		DB98A3EE20AB15F100A5273D /* Main.storyboard */ = {
			isa = PBXVariantGroup;
			children = (
				DB98A3EF20AB15F100A5273D /* Base */,
			);
			name = Main.storyboard;
			sourceTree = "<group>";
		};
		DB98A3F320AB15F100A5273D /* LaunchScreen.storyboard */ = {
			isa = PBXVariantGroup;
			children = (
				DB98A3F420AB15F100A5273D /* Base */,
			);
			name = LaunchScreen.storyboard;
			sourceTree = "<group>";
		};
/* End PBXVariantGroup section */

/* Begin XCBuildConfiguration section */
		DB98A40220AB15F200A5273D /* Debug */ = {
			isa = XCBuildConfiguration;
			buildSettings = {
				ALWAYS_SEARCH_USER_PATHS = NO;
				CLANG_ANALYZER_NONNULL = YES;
				CLANG_ANALYZER_NUMBER_OBJECT_CONVERSION = YES_AGGRESSIVE;
				CLANG_CXX_LANGUAGE_STANDARD = "gnu++14";
				CLANG_CXX_LIBRARY = "libc++";
				CLANG_ENABLE_MODULES = YES;
				CLANG_ENABLE_OBJC_ARC = YES;
				CLANG_ENABLE_OBJC_WEAK = YES;
				CLANG_WARN_BLOCK_CAPTURE_AUTORELEASING = YES;
				CLANG_WARN_BOOL_CONVERSION = YES;
				CLANG_WARN_COMMA = YES;
				CLANG_WARN_CONSTANT_CONVERSION = YES;
				CLANG_WARN_DEPRECATED_OBJC_IMPLEMENTATIONS = YES;
				CLANG_WARN_DIRECT_OBJC_ISA_USAGE = YES_ERROR;
				CLANG_WARN_DOCUMENTATION_COMMENTS = YES;
				CLANG_WARN_EMPTY_BODY = YES;
				CLANG_WARN_ENUM_CONVERSION = YES;
				CLANG_WARN_INFINITE_RECURSION = YES;
				CLANG_WARN_INT_CONVERSION = YES;
				CLANG_WARN_NON_LITERAL_NULL_CONVERSION = YES;
				CLANG_WARN_OBJC_IMPLICIT_RETAIN_SELF = YES;
				CLANG_WARN_OBJC_LITERAL_CONVERSION = YES;
				CLANG_WARN_OBJC_ROOT_CLASS = YES_ERROR;
				CLANG_WARN_RANGE_LOOP_ANALYSIS = YES;
				CLANG_WARN_STRICT_PROTOTYPES = YES;
				CLANG_WARN_SUSPICIOUS_MOVE = YES;
				CLANG_WARN_UNGUARDED_AVAILABILITY = YES_AGGRESSIVE;
				CLANG_WARN_UNREACHABLE_CODE = YES;
				CLANG_WARN__DUPLICATE_METHOD_MATCH = YES;
				CODE_SIGN_IDENTITY = "iPhone Developer";
				COPY_PHASE_STRIP = NO;
				DEBUG_INFORMATION_FORMAT = dwarf;
				ENABLE_STRICT_OBJC_MSGSEND = YES;
				ENABLE_TESTABILITY = YES;
				GCC_C_LANGUAGE_STANDARD = gnu11;
				GCC_DYNAMIC_NO_PIC = NO;
				GCC_NO_COMMON_BLOCKS = YES;
				GCC_OPTIMIZATION_LEVEL = 0;
				GCC_PREPROCESSOR_DEFINITIONS = (
					"DEBUG=1",
					"$(inherited)",
				);
				GCC_WARN_64_TO_32_BIT_CONVERSION = YES;
				GCC_WARN_ABOUT_RETURN_TYPE = YES_ERROR;
				GCC_WARN_UNDECLARED_SELECTOR = YES;
				GCC_WARN_UNINITIALIZED_AUTOS = YES_AGGRESSIVE;
				GCC_WARN_UNUSED_FUNCTION = YES;
				GCC_WARN_UNUSED_VARIABLE = YES;
				IPHONEOS_DEPLOYMENT_TARGET = 11.3;
				MTL_ENABLE_DEBUG_INFO = YES;
				ONLY_ACTIVE_ARCH = YES;
				SDKROOT = iphoneos;
				SWIFT_ACTIVE_COMPILATION_CONDITIONS = DEBUG;
				SWIFT_OPTIMIZATION_LEVEL = "-Onone";
			};
			name = Debug;
		};
		DB98A40320AB15F200A5273D /* Release */ = {
			isa = XCBuildConfiguration;
			buildSettings = {
				ALWAYS_SEARCH_USER_PATHS = NO;
				CLANG_ANALYZER_NONNULL = YES;
				CLANG_ANALYZER_NUMBER_OBJECT_CONVERSION = YES_AGGRESSIVE;
				CLANG_CXX_LANGUAGE_STANDARD = "gnu++14";
				CLANG_CXX_LIBRARY = "libc++";
				CLANG_ENABLE_MODULES = YES;
				CLANG_ENABLE_OBJC_ARC = YES;
				CLANG_ENABLE_OBJC_WEAK = YES;
				CLANG_WARN_BLOCK_CAPTURE_AUTORELEASING = YES;
				CLANG_WARN_BOOL_CONVERSION = YES;
				CLANG_WARN_COMMA = YES;
				CLANG_WARN_CONSTANT_CONVERSION = YES;
				CLANG_WARN_DEPRECATED_OBJC_IMPLEMENTATIONS = YES;
				CLANG_WARN_DIRECT_OBJC_ISA_USAGE = YES_ERROR;
				CLANG_WARN_DOCUMENTATION_COMMENTS = YES;
				CLANG_WARN_EMPTY_BODY = YES;
				CLANG_WARN_ENUM_CONVERSION = YES;
				CLANG_WARN_INFINITE_RECURSION = YES;
				CLANG_WARN_INT_CONVERSION = YES;
				CLANG_WARN_NON_LITERAL_NULL_CONVERSION = YES;
				CLANG_WARN_OBJC_IMPLICIT_RETAIN_SELF = YES;
				CLANG_WARN_OBJC_LITERAL_CONVERSION = YES;
				CLANG_WARN_OBJC_ROOT_CLASS = YES_ERROR;
				CLANG_WARN_RANGE_LOOP_ANALYSIS = YES;
				CLANG_WARN_STRICT_PROTOTYPES = YES;
				CLANG_WARN_SUSPICIOUS_MOVE = YES;
				CLANG_WARN_UNGUARDED_AVAILABILITY = YES_AGGRESSIVE;
				CLANG_WARN_UNREACHABLE_CODE = YES;
				CLANG_WARN__DUPLICATE_METHOD_MATCH = YES;
				CODE_SIGN_IDENTITY = "iPhone Developer";
				COPY_PHASE_STRIP = NO;
				DEBUG_INFORMATION_FORMAT = "dwarf-with-dsym";
				ENABLE_NS_ASSERTIONS = NO;
				ENABLE_STRICT_OBJC_MSGSEND = YES;
				GCC_C_LANGUAGE_STANDARD = gnu11;
				GCC_NO_COMMON_BLOCKS = YES;
				GCC_WARN_64_TO_32_BIT_CONVERSION = YES;
				GCC_WARN_ABOUT_RETURN_TYPE = YES_ERROR;
				GCC_WARN_UNDECLARED_SELECTOR = YES;
				GCC_WARN_UNINITIALIZED_AUTOS = YES_AGGRESSIVE;
				GCC_WARN_UNUSED_FUNCTION = YES;
				GCC_WARN_UNUSED_VARIABLE = YES;
				IPHONEOS_DEPLOYMENT_TARGET = 11.3;
				MTL_ENABLE_DEBUG_INFO = NO;
				SDKROOT = iphoneos;
				SWIFT_COMPILATION_MODE = wholemodule;
				SWIFT_OPTIMIZATION_LEVEL = "-O";
				VALIDATE_PRODUCT = YES;
			};
			name = Release;
		};
		DB98A40520AB15F200A5273D /* Debug */ = {
			isa = XCBuildConfiguration;
			baseConfigurationReference = 2606EEA6EE39094B2AEC53DE /* Pods-Ryochan2.debug.xcconfig */;
			buildSettings = {
				ASSETCATALOG_COMPILER_APPICON_NAME = AppIcon;
				CODE_SIGN_STYLE = Automatic;
				DEVELOPMENT_TEAM = F5GAB67SL8;
				INFOPLIST_FILE = Ryochan2/Info.plist;
				LD_RUNPATH_SEARCH_PATHS = (
					"$(inherited)",
					"@executable_path/Frameworks",
				);
				PRODUCT_BUNDLE_IDENTIFIER = com.neroblu.ios.app.Ryochan2;
				PRODUCT_NAME = "$(TARGET_NAME)";
				SWIFT_VERSION = 4.0;
				TARGETED_DEVICE_FAMILY = "1,2";
			};
			name = Debug;
		};
		DB98A40620AB15F200A5273D /* Release */ = {
			isa = XCBuildConfiguration;
			baseConfigurationReference = D91675FE35FA4DFA2258BDA8 /* Pods-Ryochan2.release.xcconfig */;
			buildSettings = {
				ASSETCATALOG_COMPILER_APPICON_NAME = AppIcon;
				CODE_SIGN_STYLE = Automatic;
				DEVELOPMENT_TEAM = F5GAB67SL8;
				INFOPLIST_FILE = Ryochan2/Info.plist;
				LD_RUNPATH_SEARCH_PATHS = (
					"$(inherited)",
					"@executable_path/Frameworks",
				);
				PRODUCT_BUNDLE_IDENTIFIER = com.neroblu.ios.app.Ryochan2;
				PRODUCT_NAME = "$(TARGET_NAME)";
				SWIFT_VERSION = 4.0;
				TARGETED_DEVICE_FAMILY = "1,2";
			};
			name = Release;
		};
		DB98A40820AB15F200A5273D /* Debug */ = {
			isa = XCBuildConfiguration;
			baseConfigurationReference = 3DBDA0DC140D76DDE687319D /* Pods-Ryochan2Tests.debug.xcconfig */;
			buildSettings = {
				ALWAYS_EMBED_SWIFT_STANDARD_LIBRARIES = YES;
				BUNDLE_LOADER = "$(TEST_HOST)";
				CODE_SIGN_STYLE = Automatic;
				DEVELOPMENT_TEAM = F5GAB67SL8;
				INFOPLIST_FILE = Ryochan2Tests/Info.plist;
				LD_RUNPATH_SEARCH_PATHS = (
					"$(inherited)",
					"@executable_path/Frameworks",
					"@loader_path/Frameworks",
				);
				PRODUCT_BUNDLE_IDENTIFIER = com.neroblu.ios.app.Ryochan2Tests;
				PRODUCT_NAME = "$(TARGET_NAME)";
				SWIFT_VERSION = 4.0;
				TARGETED_DEVICE_FAMILY = "1,2";
				TEST_HOST = "$(BUILT_PRODUCTS_DIR)/Ryochan2.app/Ryochan2";
			};
			name = Debug;
		};
		DB98A40920AB15F200A5273D /* Release */ = {
			isa = XCBuildConfiguration;
			baseConfigurationReference = FECF8CCD3CFCFD6CA2C6822E /* Pods-Ryochan2Tests.release.xcconfig */;
			buildSettings = {
				ALWAYS_EMBED_SWIFT_STANDARD_LIBRARIES = YES;
				BUNDLE_LOADER = "$(TEST_HOST)";
				CODE_SIGN_STYLE = Automatic;
				DEVELOPMENT_TEAM = F5GAB67SL8;
				INFOPLIST_FILE = Ryochan2Tests/Info.plist;
				LD_RUNPATH_SEARCH_PATHS = (
					"$(inherited)",
					"@executable_path/Frameworks",
					"@loader_path/Frameworks",
				);
				PRODUCT_BUNDLE_IDENTIFIER = com.neroblu.ios.app.Ryochan2Tests;
				PRODUCT_NAME = "$(TARGET_NAME)";
				SWIFT_VERSION = 4.0;
				TARGETED_DEVICE_FAMILY = "1,2";
				TEST_HOST = "$(BUILT_PRODUCTS_DIR)/Ryochan2.app/Ryochan2";
			};
			name = Release;
		};
/* End XCBuildConfiguration section */

/* Begin XCConfigurationList section */
		DB98A3E220AB15F100A5273D /* Build configuration list for PBXProject "Ryochan2" */ = {
			isa = XCConfigurationList;
			buildConfigurations = (
				DB98A40220AB15F200A5273D /* Debug */,
				DB98A40320AB15F200A5273D /* Release */,
			);
			defaultConfigurationIsVisible = 0;
			defaultConfigurationName = Release;
		};
		DB98A40420AB15F200A5273D /* Build configuration list for PBXNativeTarget "Ryochan2" */ = {
			isa = XCConfigurationList;
			buildConfigurations = (
				DB98A40520AB15F200A5273D /* Debug */,
				DB98A40620AB15F200A5273D /* Release */,
			);
			defaultConfigurationIsVisible = 0;
			defaultConfigurationName = Release;
		};
		DB98A40720AB15F200A5273D /* Build configuration list for PBXNativeTarget "Ryochan2Tests" */ = {
			isa = XCConfigurationList;
			buildConfigurations = (
				DB98A40820AB15F200A5273D /* Debug */,
				DB98A40920AB15F200A5273D /* Release */,
			);
			defaultConfigurationIsVisible = 0;
			defaultConfigurationName = Release;
		};
/* End XCConfigurationList section */
	};
	rootObject = DB98A3DF20AB15F100A5273D /* Project object */;
}
